<?xml version="1.0" encoding="utf-8"?>
<Project ToolsVersion="4.0" xmlns="http://schemas.microsoft.com/developer/msbuild/2003">
  <ItemGroup>
    <Filter Include="源文件">
      <UniqueIdentifier>{4FC737F1-C7A5-4376-A066-2A32D752A2FF}</UniqueIdentifier>
      <Extensions>cpp;c;cc;cxx;def;odl;idl;hpj;bat;asm;asmx</Extensions>
    </Filter>
    <Filter Include="头文件">
      <UniqueIdentifier>{93995380-89BD-4b04-88EB-625FBE52EBFB}</UniqueIdentifier>
      <Extensions>h;hh;hpp;hxx;hm;inl;inc;xsd</Extensions>
    </Filter>
    <Filter Include="资源文件">
      <UniqueIdentifier>{67DA6AB6-F800-4c08-8B7A-83BB121AAD01}</UniqueIdentifier>
      <Extensions>rc;ico;cur;bmp;dlg;rc2;rct;bin;rgs;gif;jpg;jpeg;jpe;resx;tiff;tif;png;wav;mfcribbon-ms</Extensions>
    </Filter>
  </ItemGroup>
  <ItemGroup>
    <ClCompile Include="1main.c">
      <Filter>源文件</Filter>
    </ClCompile>
    <ClCompile Include="2type.c">
      <Filter>源文件</Filter>
    </ClCompile>
    <ClCompile Include="3stack-heap.c">
      <Filter>源文件</Filter>
    </ClCompile>
    <ClCompile Include="7char.c">
      <Filter>源文件</Filter>
    </ClCompile>
    <ClCompile Include="8transchar.c">
      <Filter>源文件</Filter>
    </ClCompile>
    <ClCompile Include="9operation.c">
      <Filter>源文件</Filter>
    </ClCompile>
    <ClCompile Include="10array.c">
      <Filter>源文件</Filter>
    </ClCompile>
    <ClCompile Include="11exchange.c">
      <Filter>源文件</Filter>
    </ClCompile>
    <ClCompile Include="12reference.c">
      <Filter>源文件</Filter>
    </ClCompile>
    <ClCompile Include="13pointer.c">
      <Filter>源文件</Filter>
    </ClCompile>
    <ClCompile Include="14pointer.c">
      <Filter>源文件</Filter>
    </ClCompile>
    <ClCompile Include="15pointerarray.c">
      <Filter>源文件</Filter>
    </ClCompile>
    <ClCompile Include="16rand.c">
      <Filter>源文件</Filter>
    </ClCompile>
    <ClCompile Include="17string.c">
      <Filter>源文件</Filter>
    </ClCompile>
    <ClCompile Include="18string.c">
      <Filter>源文件</Filter>
    </ClCompile>
    <ClCompile Include="19malloc.c">
      <Filter>源文件</Filter>
    </ClCompile>
    <ClCompile Include="20strcut.c">
      <Filter>源文件</Filter>
    </ClCompile>
    <ClCompile Include="21strucearray.c">
      <Filter>源文件</Filter>
    </ClCompile>
    <ClCompile Include="22typedef.c">
      <Filter>源文件</Filter>
    </ClCompile>
    <ClCompile Include="23structsize.c">
      <Filter>源文件</Filter>
    </ClCompile>
    <ClCompile Include="24structquestion.c">
      <Filter>源文件</Filter>
    </ClCompile>
    <ClCompile Include="27enum.c">
      <Filter>源文件</Filter>
    </ClCompile>
    <ClCompile Include="29commandargs.c">
      <Filter>源文件</Filter>
    </ClCompile>
  </ItemGroup>
</Project>