<?xml version="1.0" encoding="utf-8"?>
<Project ToolsVersion="4.0" xmlns="http://schemas.microsoft.com/developer/msbuild/2003">
  <ItemGroup>
    <Filter Include="源文件">
      <UniqueIdentifier>{4FC737F1-C7A5-4376-A066-2A32D752A2FF}</UniqueIdentifier>
      <Extensions>cpp;c;cc;cxx;def;odl;idl;hpj;bat;asm;asmx</Extensions>
    </Filter>
    <Filter Include="头文件">
      <UniqueIdentifier>{93995380-89BD-4b04-88EB-625FBE52EBFB}</UniqueIdentifier>
      <Extensions>h;hh;hpp;hxx;hm;inl;inc;xsd</Extensions>
    </Filter>
    <Filter Include="资源文件">
      <UniqueIdentifier>{67DA6AB6-F800-4c08-8B7A-83BB121AAD01}</UniqueIdentifier>
      <Extensions>rc;ico;cur;bmp;dlg;rc2;rct;bin;rgs;gif;jpg;jpeg;jpe;resx;tiff;tif;png;wav;mfcribbon-ms</Extensions>
    </Filter>
    <Filter Include="源文件\pointerList">
      <UniqueIdentifier>{083f6fac-43a5-47b8-b040-da45363b162e}</UniqueIdentifier>
    </Filter>
  </ItemGroup>
  <ItemGroup>
    <ClCompile Include="PointerArray.c">
      <Filter>源文件\pointerList</Filter>
    </ClCompile>
    <ClCompile Include="PointerString.c">
      <Filter>源文件\pointerList</Filter>
    </ClCompile>
    <ClCompile Include="TwoLevelPointer.c">
      <Filter>源文件\pointerList</Filter>
    </ClCompile>
    <ClCompile Include="d1-原码补码反码2.c">
      <Filter>源文件</Filter>
    </ClCompile>
    <ClCompile Include="d1-常量变量运算符.c">
      <Filter>源文件</Filter>
    </ClCompile>
    <ClCompile Include="d1-流程控制.c">
      <Filter>源文件</Filter>
    </ClCompile>
    <ClCompile Include="d1-运算符优先级.c">
      <Filter>源文件</Filter>
    </ClCompile>
    <ClCompile Include="d2-类型.cpp">
      <Filter>源文件</Filter>
    </ClCompile>
    <ClCompile Include="d4-结构体.c">
      <Filter>源文件</Filter>
    </ClCompile>
    <ClCompile Include="d4-枚举.cpp">
      <Filter>源文件</Filter>
    </ClCompile>
    <ClCompile Include="d2-Printf.c">
      <Filter>源文件</Filter>
    </ClCompile>
    <ClCompile Include="d4-数组.c">
      <Filter>源文件</Filter>
    </ClCompile>
    <ClCompile Include="d4-字符.c">
      <Filter>源文件</Filter>
    </ClCompile>
    <ClCompile Include="d5-Function.c">
      <Filter>源文件</Filter>
    </ClCompile>
    <ClCompile Include="d6-Pointers.c">
      <Filter>源文件</Filter>
    </ClCompile>
    <ClCompile Include="d7-多文件.c">
      <Filter>源文件</Filter>
    </ClCompile>
    <ClCompile Include="d5-宏定义define.c">
      <Filter>源文件</Filter>
    </ClCompile>
    <ClCompile Include="d5-宏定义typedef.c">
      <Filter>源文件</Filter>
    </ClCompile>
  </ItemGroup>
  <ItemGroup>
    <ClInclude Include="PointerArray.h">
      <Filter>头文件</Filter>
    </ClInclude>
    <ClInclude Include="PointerString.h">
      <Filter>头文件</Filter>
    </ClInclude>
  </ItemGroup>
</Project>