
Microsoft Visual Studio Solution File, Format Version 12.00
# Visual Studio 14
VisualStudioVersion = 14.0.23107.0
MinimumVisualStudioVersion = 10.0.40219.1
Project("{2150E333-8FDC-42A3-9474-1A3956D46DE8}") = "d1t", "d1t", "{61CCB75D-77B4-4358-97A8-9FB02ED9E482}"
EndProject
Project("{8BC9CEB8-8B4A-11D0-8D11-00A0C91BC942}") = "auto", "auto\auto.vcxproj", "{9D8249EF-B555-446D-8CE3-B147678A4E96}"
EndProject
Project("{8BC9CEB8-8B4A-11D0-8D11-00A0C91BC942}") = "bool", "bool\bool.vcxproj", "{62289039-2CA8-4B14-99F4-AF4A717AC268}"
EndProject
Project("{8BC9CEB8-8B4A-11D0-8D11-00A0C91BC942}") = "数组查找", "数组查找\数组查找.vcxproj", "{75391490-BADB-46A6-AAEC-6FB45744ABFC}"
EndProject
Project("{8BC9CEB8-8B4A-11D0-8D11-00A0C91BC942}") = "字符串整数转换", "字符串整数转换\字符串整数转换.vcxproj", "{4E5C7F6D-80CA-4603-A47E-9C66BB19222C}"
EndProject
Project("{8BC9CEB8-8B4A-11D0-8D11-00A0C91BC942}") = "宽字符", "宽字符\宽字符.vcxproj", "{E586EE01-D36C-40B9-9B9C-8A0AED780F42}"
EndProject
Project("{8BC9CEB8-8B4A-11D0-8D11-00A0C91BC942}") = "调戏QQ", "调戏QQ\调戏QQ.vcxproj", "{165E1A43-5CED-488E-8458-148189357E1E}"
EndProject
Project("{8BC9CEB8-8B4A-11D0-8D11-00A0C91BC942}") = "数据分离", "数据分离\数据分离.vcxproj", "{CB373CB0-2BA8-40F9-B54D-56D3CB63D5F0}"
EndProject
Project("{8BC9CEB8-8B4A-11D0-8D11-00A0C91BC942}") = "递归", "递归\递归.vcxproj", "{CE6A2AAF-9BB5-4064-9512-3A6C4E05FC07}"
EndProject
Project("{2150E333-8FDC-42A3-9474-1A3956D46DE8}") = "d2t-内存四大区域", "d2t-内存四大区域", "{A3EE23B1-7B00-4D87-AA4D-985D653B12B1}"
EndProject
Project("{8BC9CEB8-8B4A-11D0-8D11-00A0C91BC942}") = "堆", "堆\堆.vcxproj", "{50A89CB4-79B7-4CB7-BDA6-71E77F55EE6B}"
EndProject
Global
	GlobalSection(SolutionConfigurationPlatforms) = preSolution
		Debug|x64 = Debug|x64
		Debug|x86 = Debug|x86
		Release|x64 = Release|x64
		Release|x86 = Release|x86
	EndGlobalSection
	GlobalSection(ProjectConfigurationPlatforms) = postSolution
		{9D8249EF-B555-446D-8CE3-B147678A4E96}.Debug|x64.ActiveCfg = Debug|x64
		{9D8249EF-B555-446D-8CE3-B147678A4E96}.Debug|x64.Build.0 = Debug|x64
		{9D8249EF-B555-446D-8CE3-B147678A4E96}.Debug|x86.ActiveCfg = Debug|Win32
		{9D8249EF-B555-446D-8CE3-B147678A4E96}.Debug|x86.Build.0 = Debug|Win32
		{9D8249EF-B555-446D-8CE3-B147678A4E96}.Release|x64.ActiveCfg = Release|x64
		{9D8249EF-B555-446D-8CE3-B147678A4E96}.Release|x64.Build.0 = Release|x64
		{9D8249EF-B555-446D-8CE3-B147678A4E96}.Release|x86.ActiveCfg = Release|Win32
		{9D8249EF-B555-446D-8CE3-B147678A4E96}.Release|x86.Build.0 = Release|Win32
		{62289039-2CA8-4B14-99F4-AF4A717AC268}.Debug|x64.ActiveCfg = Debug|x64
		{62289039-2CA8-4B14-99F4-AF4A717AC268}.Debug|x64.Build.0 = Debug|x64
		{62289039-2CA8-4B14-99F4-AF4A717AC268}.Debug|x86.ActiveCfg = Debug|Win32
		{62289039-2CA8-4B14-99F4-AF4A717AC268}.Debug|x86.Build.0 = Debug|Win32
		{62289039-2CA8-4B14-99F4-AF4A717AC268}.Release|x64.ActiveCfg = Release|x64
		{62289039-2CA8-4B14-99F4-AF4A717AC268}.Release|x64.Build.0 = Release|x64
		{62289039-2CA8-4B14-99F4-AF4A717AC268}.Release|x86.ActiveCfg = Release|Win32
		{62289039-2CA8-4B14-99F4-AF4A717AC268}.Release|x86.Build.0 = Release|Win32
		{75391490-BADB-46A6-AAEC-6FB45744ABFC}.Debug|x64.ActiveCfg = Debug|x64
		{75391490-BADB-46A6-AAEC-6FB45744ABFC}.Debug|x64.Build.0 = Debug|x64
		{75391490-BADB-46A6-AAEC-6FB45744ABFC}.Debug|x86.ActiveCfg = Debug|Win32
		{75391490-BADB-46A6-AAEC-6FB45744ABFC}.Debug|x86.Build.0 = Debug|Win32
		{75391490-BADB-46A6-AAEC-6FB45744ABFC}.Release|x64.ActiveCfg = Release|x64
		{75391490-BADB-46A6-AAEC-6FB45744ABFC}.Release|x64.Build.0 = Release|x64
		{75391490-BADB-46A6-AAEC-6FB45744ABFC}.Release|x86.ActiveCfg = Release|Win32
		{75391490-BADB-46A6-AAEC-6FB45744ABFC}.Release|x86.Build.0 = Release|Win32
		{4E5C7F6D-80CA-4603-A47E-9C66BB19222C}.Debug|x64.ActiveCfg = Debug|x64
		{4E5C7F6D-80CA-4603-A47E-9C66BB19222C}.Debug|x64.Build.0 = Debug|x64
		{4E5C7F6D-80CA-4603-A47E-9C66BB19222C}.Debug|x86.ActiveCfg = Debug|Win32
		{4E5C7F6D-80CA-4603-A47E-9C66BB19222C}.Debug|x86.Build.0 = Debug|Win32
		{4E5C7F6D-80CA-4603-A47E-9C66BB19222C}.Release|x64.ActiveCfg = Release|x64
		{4E5C7F6D-80CA-4603-A47E-9C66BB19222C}.Release|x64.Build.0 = Release|x64
		{4E5C7F6D-80CA-4603-A47E-9C66BB19222C}.Release|x86.ActiveCfg = Release|Win32
		{4E5C7F6D-80CA-4603-A47E-9C66BB19222C}.Release|x86.Build.0 = Release|Win32
		{E586EE01-D36C-40B9-9B9C-8A0AED780F42}.Debug|x64.ActiveCfg = Debug|x64
		{E586EE01-D36C-40B9-9B9C-8A0AED780F42}.Debug|x64.Build.0 = Debug|x64
		{E586EE01-D36C-40B9-9B9C-8A0AED780F42}.Debug|x86.ActiveCfg = Debug|Win32
		{E586EE01-D36C-40B9-9B9C-8A0AED780F42}.Debug|x86.Build.0 = Debug|Win32
		{E586EE01-D36C-40B9-9B9C-8A0AED780F42}.Release|x64.ActiveCfg = Release|x64
		{E586EE01-D36C-40B9-9B9C-8A0AED780F42}.Release|x64.Build.0 = Release|x64
		{E586EE01-D36C-40B9-9B9C-8A0AED780F42}.Release|x86.ActiveCfg = Release|Win32
		{E586EE01-D36C-40B9-9B9C-8A0AED780F42}.Release|x86.Build.0 = Release|Win32
		{165E1A43-5CED-488E-8458-148189357E1E}.Debug|x64.ActiveCfg = Debug|x64
		{165E1A43-5CED-488E-8458-148189357E1E}.Debug|x64.Build.0 = Debug|x64
		{165E1A43-5CED-488E-8458-148189357E1E}.Debug|x86.ActiveCfg = Debug|Win32
		{165E1A43-5CED-488E-8458-148189357E1E}.Debug|x86.Build.0 = Debug|Win32
		{165E1A43-5CED-488E-8458-148189357E1E}.Release|x64.ActiveCfg = Release|x64
		{165E1A43-5CED-488E-8458-148189357E1E}.Release|x64.Build.0 = Release|x64
		{165E1A43-5CED-488E-8458-148189357E1E}.Release|x86.ActiveCfg = Release|Win32
		{165E1A43-5CED-488E-8458-148189357E1E}.Release|x86.Build.0 = Release|Win32
		{CB373CB0-2BA8-40F9-B54D-56D3CB63D5F0}.Debug|x64.ActiveCfg = Debug|x64
		{CB373CB0-2BA8-40F9-B54D-56D3CB63D5F0}.Debug|x64.Build.0 = Debug|x64
		{CB373CB0-2BA8-40F9-B54D-56D3CB63D5F0}.Debug|x86.ActiveCfg = Debug|Win32
		{CB373CB0-2BA8-40F9-B54D-56D3CB63D5F0}.Debug|x86.Build.0 = Debug|Win32
		{CB373CB0-2BA8-40F9-B54D-56D3CB63D5F0}.Release|x64.ActiveCfg = Release|x64
		{CB373CB0-2BA8-40F9-B54D-56D3CB63D5F0}.Release|x64.Build.0 = Release|x64
		{CB373CB0-2BA8-40F9-B54D-56D3CB63D5F0}.Release|x86.ActiveCfg = Release|Win32
		{CB373CB0-2BA8-40F9-B54D-56D3CB63D5F0}.Release|x86.Build.0 = Release|Win32
		{CE6A2AAF-9BB5-4064-9512-3A6C4E05FC07}.Debug|x64.ActiveCfg = Debug|x64
		{CE6A2AAF-9BB5-4064-9512-3A6C4E05FC07}.Debug|x64.Build.0 = Debug|x64
		{CE6A2AAF-9BB5-4064-9512-3A6C4E05FC07}.Debug|x86.ActiveCfg = Debug|Win32
		{CE6A2AAF-9BB5-4064-9512-3A6C4E05FC07}.Debug|x86.Build.0 = Debug|Win32
		{CE6A2AAF-9BB5-4064-9512-3A6C4E05FC07}.Release|x64.ActiveCfg = Release|x64
		{CE6A2AAF-9BB5-4064-9512-3A6C4E05FC07}.Release|x64.Build.0 = Release|x64
		{CE6A2AAF-9BB5-4064-9512-3A6C4E05FC07}.Release|x86.ActiveCfg = Release|Win32
		{CE6A2AAF-9BB5-4064-9512-3A6C4E05FC07}.Release|x86.Build.0 = Release|Win32
		{50A89CB4-79B7-4CB7-BDA6-71E77F55EE6B}.Debug|x64.ActiveCfg = Debug|x64
		{50A89CB4-79B7-4CB7-BDA6-71E77F55EE6B}.Debug|x64.Build.0 = Debug|x64
		{50A89CB4-79B7-4CB7-BDA6-71E77F55EE6B}.Debug|x86.ActiveCfg = Debug|Win32
		{50A89CB4-79B7-4CB7-BDA6-71E77F55EE6B}.Debug|x86.Build.0 = Debug|Win32
		{50A89CB4-79B7-4CB7-BDA6-71E77F55EE6B}.Release|x64.ActiveCfg = Release|x64
		{50A89CB4-79B7-4CB7-BDA6-71E77F55EE6B}.Release|x64.Build.0 = Release|x64
		{50A89CB4-79B7-4CB7-BDA6-71E77F55EE6B}.Release|x86.ActiveCfg = Release|Win32
		{50A89CB4-79B7-4CB7-BDA6-71E77F55EE6B}.Release|x86.Build.0 = Release|Win32
	EndGlobalSection
	GlobalSection(SolutionProperties) = preSolution
		HideSolutionNode = FALSE
	EndGlobalSection
	GlobalSection(NestedProjects) = preSolution
		{9D8249EF-B555-446D-8CE3-B147678A4E96} = {61CCB75D-77B4-4358-97A8-9FB02ED9E482}
		{62289039-2CA8-4B14-99F4-AF4A717AC268} = {61CCB75D-77B4-4358-97A8-9FB02ED9E482}
		{75391490-BADB-46A6-AAEC-6FB45744ABFC} = {61CCB75D-77B4-4358-97A8-9FB02ED9E482}
		{4E5C7F6D-80CA-4603-A47E-9C66BB19222C} = {61CCB75D-77B4-4358-97A8-9FB02ED9E482}
		{E586EE01-D36C-40B9-9B9C-8A0AED780F42} = {61CCB75D-77B4-4358-97A8-9FB02ED9E482}
		{165E1A43-5CED-488E-8458-148189357E1E} = {61CCB75D-77B4-4358-97A8-9FB02ED9E482}
		{CB373CB0-2BA8-40F9-B54D-56D3CB63D5F0} = {61CCB75D-77B4-4358-97A8-9FB02ED9E482}
		{CE6A2AAF-9BB5-4064-9512-3A6C4E05FC07} = {61CCB75D-77B4-4358-97A8-9FB02ED9E482}
		{50A89CB4-79B7-4CB7-BDA6-71E77F55EE6B} = {A3EE23B1-7B00-4D87-AA4D-985D653B12B1}
	EndGlobalSection
EndGlobal
