<?xml version="1.0" encoding="utf-8"?>
<Project ToolsVersion="4.0" xmlns="http://schemas.microsoft.com/developer/msbuild/2003">
  <ItemGroup>
    <Filter Include="源文件">
      <UniqueIdentifier>{4FC737F1-C7A5-4376-A066-2A32D752A2FF}</UniqueIdentifier>
      <Extensions>cpp;c;cc;cxx;def;odl;idl;hpj;bat;asm;asmx</Extensions>
    </Filter>
    <Filter Include="头文件">
      <UniqueIdentifier>{93995380-89BD-4b04-88EB-625FBE52EBFB}</UniqueIdentifier>
      <Extensions>h;hh;hpp;hxx;hm;inl;inc;xsd</Extensions>
    </Filter>
    <Filter Include="资源文件">
      <UniqueIdentifier>{67DA6AB6-F800-4c08-8B7A-83BB121AAD01}</UniqueIdentifier>
      <Extensions>rc;ico;cur;bmp;dlg;rc2;rct;bin;rgs;gif;jpg;jpeg;jpe;resx;tiff;tif;png;wav;mfcribbon-ms</Extensions>
    </Filter>
  </ItemGroup>
  <ItemGroup>
    <ClCompile Include="d3-1-类的构造和析构基础.cpp">
      <Filter>源文件</Filter>
    </ClCompile>
    <ClCompile Include="d3-2-深拷贝和浅拷贝.cpp">
      <Filter>源文件</Filter>
    </ClCompile>
    <ClCompile Include="d3-3-函数构造初始化列表.cpp">
      <Filter>源文件</Filter>
    </ClCompile>
    <ClCompile Include="d3-4-new和delete.cpp">
      <Filter>源文件</Filter>
    </ClCompile>
    <ClCompile Include="d3-5-c++面向对象初探.cpp">
      <Filter>源文件</Filter>
    </ClCompile>
    <ClCompile Include="d4-2-const修饰谁.cpp">
      <Filter>源文件</Filter>
    </ClCompile>
    <ClCompile Include="d4-4-友元.cpp">
      <Filter>源文件</Filter>
    </ClCompile>
    <ClCompile Include="d4-5-运算符重载.cpp">
      <Filter>源文件</Filter>
    </ClCompile>
    <ClCompile Include="d4-6-括号运算符重载.cpp">
      <Filter>源文件</Filter>
    </ClCompile>
    <ClCompile Include="d6-3-派生类的访问控制.cpp">
      <Filter>源文件</Filter>
    </ClCompile>
    <ClCompile Include="d6-4-兼容性原则.cpp">
      <Filter>源文件</Filter>
    </ClCompile>
    <ClCompile Include="d6-7-继承中构造和析构.cpp">
      <Filter>源文件</Filter>
    </ClCompile>
    <ClCompile Include="d6-8-继承中构造和析构-static-virtual.cpp">
      <Filter>源文件</Filter>
    </ClCompile>
    <ClCompile Include="d6-14-多态案例.cpp">
      <Filter>源文件</Filter>
    </ClCompile>
    <ClCompile Include="d6-15-虚析构函数.cpp">
      <Filter>源文件</Filter>
    </ClCompile>
    <ClCompile Include="d6-16-重载重写重定义.cpp">
      <Filter>源文件</Filter>
    </ClCompile>
    <ClCompile Include="d7-1-多态原理探究.cpp">
      <Filter>源文件</Filter>
    </ClCompile>
    <ClCompile Include="d7-3-纯虚函数抽象类语法基础.cpp">
      <Filter>源文件</Filter>
    </ClCompile>
    <ClCompile Include="d7-4-面向抽象类编程.cpp">
      <Filter>源文件</Filter>
    </ClCompile>
    <ClCompile Include="d8-1-数组与函数指针语法梳理.cpp">
      <Filter>源文件</Filter>
    </ClCompile>
    <ClCompile Include="d8-1-指针语法梳理.cpp">
      <Filter>源文件</Filter>
    </ClCompile>
    <ClCompile Include="d8-2-函数指针做函数参数.cpp">
      <Filter>源文件</Filter>
    </ClCompile>
    <ClCompile Include="d9-1-模版.cpp">
      <Filter>源文件</Filter>
    </ClCompile>
    <ClCompile Include="d9-2-函数模版当函数参数.cpp">
      <Filter>源文件</Filter>
    </ClCompile>
    <ClCompile Include="d9-3-类模版基本语法.cpp">
      <Filter>源文件</Filter>
    </ClCompile>
    <ClCompile Include="d10-1-标准输入.cpp">
      <Filter>源文件</Filter>
    </ClCompile>
    <ClCompile Include="d10-2-文件读写.cpp">
      <Filter>源文件</Filter>
    </ClCompile>
    <ClCompile Include="d11-1-stl.cpp">
      <Filter>源文件</Filter>
    </ClCompile>
    <ClCompile Include="d11-2-stl-string.cpp">
      <Filter>源文件</Filter>
    </ClCompile>
    <ClCompile Include="d11-2-stl-string2.cpp">
      <Filter>源文件</Filter>
    </ClCompile>
    <ClCompile Include="d11-3-stl-vector.cpp">
      <Filter>源文件</Filter>
    </ClCompile>
    <ClCompile Include="d11-4-stl-deque-list.cpp">
      <Filter>源文件</Filter>
    </ClCompile>
    <ClCompile Include="d11-5-stl-multiset-set.cpp">
      <Filter>源文件</Filter>
    </ClCompile>
    <ClCompile Include="d11-6-stl-multimap-map.cpp">
      <Filter>源文件</Filter>
    </ClCompile>
    <ClCompile Include="d11-7-stl-容器值的(value)语意.cpp">
      <Filter>源文件</Filter>
    </ClCompile>
    <ClCompile Include="d11-8-stl-函数对象和谓词.cpp">
      <Filter>源文件</Filter>
    </ClCompile>
    <ClCompile Include="mainclass.cpp">
      <Filter>源文件</Filter>
    </ClCompile>
    <ClCompile Include="MyTeacher.cpp">
      <Filter>源文件</Filter>
    </ClCompile>
    <ClCompile Include="d1-1-hello.cpp">
      <Filter>源文件</Filter>
    </ClCompile>
    <ClCompile Include="d1-2-namespace.cpp">
      <Filter>源文件</Filter>
    </ClCompile>
    <ClCompile Include="d1-3-三目运算符.cpp">
      <Filter>源文件</Filter>
    </ClCompile>
    <ClCompile Include="d1-4-const的基础用法.cpp">
      <Filter>源文件</Filter>
    </ClCompile>
    <ClCompile Include="d1-5-引用的基础知识.cpp">
      <Filter>源文件</Filter>
    </ClCompile>
    <ClCompile Include="d1-6-引用的本质.cpp">
      <Filter>源文件</Filter>
    </ClCompile>
    <ClCompile Include="d1-7-函数返回值是一个引用.cpp">
      <Filter>源文件</Filter>
    </ClCompile>
    <ClCompile Include="d1-8-指针的引用.cpp">
      <Filter>源文件</Filter>
    </ClCompile>
    <ClCompile Include="d1-9-常量的引用.cpp">
      <Filter>源文件</Filter>
    </ClCompile>
    <ClCompile Include="d2-2-函数参数扩展.cpp">
      <Filter>源文件</Filter>
    </ClCompile>
    <ClCompile Include="d2-2-函数重载.cpp">
      <Filter>源文件</Filter>
    </ClCompile>
  </ItemGroup>
  <ItemGroup>
    <ClInclude Include="MyTeacher.h">
      <Filter>源文件</Filter>
    </ClInclude>
  </ItemGroup>
</Project>