
Microsoft Visual Studio Solution File, Format Version 12.00
# Visual Studio 2013
VisualStudioVersion = 12.0.30723.0
MinimumVisualStudioVersion = 10.0.40219.1
Project("{8BC9CEB8-8B4A-11D0-8D11-00A0C91BC942}") = "二叉树", "数据结构\数据结构.vcxproj", "{D83E0B50-FB63-4CEA-9C21-F6FC88AB13C8}"
EndProject
Project("{8BC9CEB8-8B4A-11D0-8D11-00A0C91BC942}") = "环形链表", "环形链表\环形链表.vcxproj", "{7A9374DA-55C2-4FA0-AF45-930DD804F725}"
EndProject
Project("{8BC9CEB8-8B4A-11D0-8D11-00A0C91BC942}") = "MinHeap", "MinHeap\MinHeap.vcxproj", "{7D7CE834-E02B-4E04-964B-7DCA1A5EBFFD}"
EndProject
Project("{8BC9CEB8-8B4A-11D0-8D11-00A0C91BC942}") = "排序wei", "排序\排序.vcxproj", "{C9575C27-BF41-4860-B5B4-2716AE2A2A8A}"
EndProject
Project("{8BC9CEB8-8B4A-11D0-8D11-00A0C91BC942}") = "虚函数", "Test\Test.vcxproj", "{5FD4557B-7495-4ED9-9CE8-9EBDAA6887FC}"
EndProject
Project("{8BC9CEB8-8B4A-11D0-8D11-00A0C91BC942}") = "图boost", "图\图.vcxproj", "{6BC9C781-EF2D-4052-AA18-7C2ADDCA7744}"
EndProject
Project("{8BC9CEB8-8B4A-11D0-8D11-00A0C91BC942}") = "BTree", "BTree\BTree.vcxproj", "{C48D8B23-0028-4108-8CB9-8CB3B01ADC91}"
EndProject
Project("{8BC9CEB8-8B4A-11D0-8D11-00A0C91BC942}") = "顺序表", "顺序表\顺序表.vcxproj", "{4EFE5F05-77C8-4523-965A-B00BCCF80887}"
EndProject
Project("{8BC9CEB8-8B4A-11D0-8D11-00A0C91BC942}") = "单链表", "单链表\单链表.vcxproj", "{BD210AC5-DC7D-4540-8F03-F29B67B67A40}"
EndProject
Project("{8BC9CEB8-8B4A-11D0-8D11-00A0C91BC942}") = "双链表", "双链表\双链表.vcxproj", "{02C42647-9389-4F3C-AB57-0A94671E4B07}"
EndProject
Project("{8BC9CEB8-8B4A-11D0-8D11-00A0C91BC942}") = "顺序栈", "顺序栈\顺序栈.vcxproj", "{DCB5DDAE-ADFE-4C1F-9502-E406175FBB2A}"
EndProject
Project("{8BC9CEB8-8B4A-11D0-8D11-00A0C91BC942}") = "链式栈", "链式栈\链式栈.vcxproj", "{7A44EA6A-410C-4DF0-9F3F-3617ED45C615}"
EndProject
Project("{8BC9CEB8-8B4A-11D0-8D11-00A0C91BC942}") = "顺序队列", "顺序队列\顺序队列.vcxproj", "{C306714F-3B6B-43F1-B93F-557586B2D7D4}"
EndProject
Project("{8BC9CEB8-8B4A-11D0-8D11-00A0C91BC942}") = "链式队列", "链式队列\链式队列.vcxproj", "{BC8C5F2D-8CC9-456A-97E5-544F37521210}"
EndProject
Project("{8BC9CEB8-8B4A-11D0-8D11-00A0C91BC942}") = "优先级队列", "优先级队列\优先级队列.vcxproj", "{7CF050EB-0F8D-430C-A0B9-557BEC27D5EF}"
EndProject
Project("{8BC9CEB8-8B4A-11D0-8D11-00A0C91BC942}") = "串", "串\串.vcxproj", "{C7F3D17D-7E10-4E3F-ADC8-3F052D2C9A72}"
EndProject
Project("{8BC9CEB8-8B4A-11D0-8D11-00A0C91BC942}") = "线索二叉树", "线索二叉树\线索二叉树.vcxproj", "{1BB0843E-6198-469C-81F5-67936F6CFE0E}"
EndProject
Project("{8BC9CEB8-8B4A-11D0-8D11-00A0C91BC942}") = "哈夫曼树", "哈夫曼树\哈夫曼树.vcxproj", "{43563A07-788C-4B0A-A64A-95E39A0AFC87}"
EndProject
Project("{8BC9CEB8-8B4A-11D0-8D11-00A0C91BC942}") = "树", "树\树.vcxproj", "{9EE64C39-2802-47B6-914E-141F42297CE3}"
EndProject
Project("{8BC9CEB8-8B4A-11D0-8D11-00A0C91BC942}") = "图非boost", "图非boost\图非boost.vcxproj", "{6B3DEA0F-40A4-40E9-9744-859F940203C6}"
EndProject
Global
	GlobalSection(SolutionConfigurationPlatforms) = preSolution
		Debug|Win32 = Debug|Win32
		Release|Win32 = Release|Win32
	EndGlobalSection
	GlobalSection(ProjectConfigurationPlatforms) = postSolution
		{D83E0B50-FB63-4CEA-9C21-F6FC88AB13C8}.Debug|Win32.ActiveCfg = Debug|Win32
		{D83E0B50-FB63-4CEA-9C21-F6FC88AB13C8}.Debug|Win32.Build.0 = Debug|Win32
		{D83E0B50-FB63-4CEA-9C21-F6FC88AB13C8}.Release|Win32.ActiveCfg = Release|Win32
		{D83E0B50-FB63-4CEA-9C21-F6FC88AB13C8}.Release|Win32.Build.0 = Release|Win32
		{7A9374DA-55C2-4FA0-AF45-930DD804F725}.Debug|Win32.ActiveCfg = Debug|Win32
		{7A9374DA-55C2-4FA0-AF45-930DD804F725}.Debug|Win32.Build.0 = Debug|Win32
		{7A9374DA-55C2-4FA0-AF45-930DD804F725}.Release|Win32.ActiveCfg = Release|Win32
		{7A9374DA-55C2-4FA0-AF45-930DD804F725}.Release|Win32.Build.0 = Release|Win32
		{7D7CE834-E02B-4E04-964B-7DCA1A5EBFFD}.Debug|Win32.ActiveCfg = Debug|Win32
		{7D7CE834-E02B-4E04-964B-7DCA1A5EBFFD}.Debug|Win32.Build.0 = Debug|Win32
		{7D7CE834-E02B-4E04-964B-7DCA1A5EBFFD}.Release|Win32.ActiveCfg = Release|Win32
		{7D7CE834-E02B-4E04-964B-7DCA1A5EBFFD}.Release|Win32.Build.0 = Release|Win32
		{C9575C27-BF41-4860-B5B4-2716AE2A2A8A}.Debug|Win32.ActiveCfg = Debug|Win32
		{C9575C27-BF41-4860-B5B4-2716AE2A2A8A}.Debug|Win32.Build.0 = Debug|Win32
		{C9575C27-BF41-4860-B5B4-2716AE2A2A8A}.Release|Win32.ActiveCfg = Release|Win32
		{C9575C27-BF41-4860-B5B4-2716AE2A2A8A}.Release|Win32.Build.0 = Release|Win32
		{5FD4557B-7495-4ED9-9CE8-9EBDAA6887FC}.Debug|Win32.ActiveCfg = Debug|Win32
		{5FD4557B-7495-4ED9-9CE8-9EBDAA6887FC}.Debug|Win32.Build.0 = Debug|Win32
		{5FD4557B-7495-4ED9-9CE8-9EBDAA6887FC}.Release|Win32.ActiveCfg = Release|Win32
		{5FD4557B-7495-4ED9-9CE8-9EBDAA6887FC}.Release|Win32.Build.0 = Release|Win32
		{6BC9C781-EF2D-4052-AA18-7C2ADDCA7744}.Debug|Win32.ActiveCfg = Debug|Win32
		{6BC9C781-EF2D-4052-AA18-7C2ADDCA7744}.Debug|Win32.Build.0 = Debug|Win32
		{6BC9C781-EF2D-4052-AA18-7C2ADDCA7744}.Release|Win32.ActiveCfg = Release|Win32
		{6BC9C781-EF2D-4052-AA18-7C2ADDCA7744}.Release|Win32.Build.0 = Release|Win32
		{C48D8B23-0028-4108-8CB9-8CB3B01ADC91}.Debug|Win32.ActiveCfg = Debug|Win32
		{C48D8B23-0028-4108-8CB9-8CB3B01ADC91}.Debug|Win32.Build.0 = Debug|Win32
		{C48D8B23-0028-4108-8CB9-8CB3B01ADC91}.Release|Win32.ActiveCfg = Release|Win32
		{C48D8B23-0028-4108-8CB9-8CB3B01ADC91}.Release|Win32.Build.0 = Release|Win32
		{4EFE5F05-77C8-4523-965A-B00BCCF80887}.Debug|Win32.ActiveCfg = Debug|Win32
		{4EFE5F05-77C8-4523-965A-B00BCCF80887}.Debug|Win32.Build.0 = Debug|Win32
		{4EFE5F05-77C8-4523-965A-B00BCCF80887}.Release|Win32.ActiveCfg = Release|Win32
		{4EFE5F05-77C8-4523-965A-B00BCCF80887}.Release|Win32.Build.0 = Release|Win32
		{BD210AC5-DC7D-4540-8F03-F29B67B67A40}.Debug|Win32.ActiveCfg = Debug|Win32
		{BD210AC5-DC7D-4540-8F03-F29B67B67A40}.Debug|Win32.Build.0 = Debug|Win32
		{BD210AC5-DC7D-4540-8F03-F29B67B67A40}.Release|Win32.ActiveCfg = Release|Win32
		{BD210AC5-DC7D-4540-8F03-F29B67B67A40}.Release|Win32.Build.0 = Release|Win32
		{02C42647-9389-4F3C-AB57-0A94671E4B07}.Debug|Win32.ActiveCfg = Debug|Win32
		{02C42647-9389-4F3C-AB57-0A94671E4B07}.Debug|Win32.Build.0 = Debug|Win32
		{02C42647-9389-4F3C-AB57-0A94671E4B07}.Release|Win32.ActiveCfg = Release|Win32
		{02C42647-9389-4F3C-AB57-0A94671E4B07}.Release|Win32.Build.0 = Release|Win32
		{DCB5DDAE-ADFE-4C1F-9502-E406175FBB2A}.Debug|Win32.ActiveCfg = Debug|Win32
		{DCB5DDAE-ADFE-4C1F-9502-E406175FBB2A}.Debug|Win32.Build.0 = Debug|Win32
		{DCB5DDAE-ADFE-4C1F-9502-E406175FBB2A}.Release|Win32.ActiveCfg = Release|Win32
		{DCB5DDAE-ADFE-4C1F-9502-E406175FBB2A}.Release|Win32.Build.0 = Release|Win32
		{7A44EA6A-410C-4DF0-9F3F-3617ED45C615}.Debug|Win32.ActiveCfg = Debug|Win32
		{7A44EA6A-410C-4DF0-9F3F-3617ED45C615}.Debug|Win32.Build.0 = Debug|Win32
		{7A44EA6A-410C-4DF0-9F3F-3617ED45C615}.Release|Win32.ActiveCfg = Release|Win32
		{7A44EA6A-410C-4DF0-9F3F-3617ED45C615}.Release|Win32.Build.0 = Release|Win32
		{C306714F-3B6B-43F1-B93F-557586B2D7D4}.Debug|Win32.ActiveCfg = Debug|Win32
		{C306714F-3B6B-43F1-B93F-557586B2D7D4}.Debug|Win32.Build.0 = Debug|Win32
		{C306714F-3B6B-43F1-B93F-557586B2D7D4}.Release|Win32.ActiveCfg = Release|Win32
		{C306714F-3B6B-43F1-B93F-557586B2D7D4}.Release|Win32.Build.0 = Release|Win32
		{BC8C5F2D-8CC9-456A-97E5-544F37521210}.Debug|Win32.ActiveCfg = Debug|Win32
		{BC8C5F2D-8CC9-456A-97E5-544F37521210}.Debug|Win32.Build.0 = Debug|Win32
		{BC8C5F2D-8CC9-456A-97E5-544F37521210}.Release|Win32.ActiveCfg = Release|Win32
		{BC8C5F2D-8CC9-456A-97E5-544F37521210}.Release|Win32.Build.0 = Release|Win32
		{7CF050EB-0F8D-430C-A0B9-557BEC27D5EF}.Debug|Win32.ActiveCfg = Debug|Win32
		{7CF050EB-0F8D-430C-A0B9-557BEC27D5EF}.Debug|Win32.Build.0 = Debug|Win32
		{7CF050EB-0F8D-430C-A0B9-557BEC27D5EF}.Release|Win32.ActiveCfg = Release|Win32
		{7CF050EB-0F8D-430C-A0B9-557BEC27D5EF}.Release|Win32.Build.0 = Release|Win32
		{C7F3D17D-7E10-4E3F-ADC8-3F052D2C9A72}.Debug|Win32.ActiveCfg = Debug|Win32
		{C7F3D17D-7E10-4E3F-ADC8-3F052D2C9A72}.Debug|Win32.Build.0 = Debug|Win32
		{C7F3D17D-7E10-4E3F-ADC8-3F052D2C9A72}.Release|Win32.ActiveCfg = Release|Win32
		{C7F3D17D-7E10-4E3F-ADC8-3F052D2C9A72}.Release|Win32.Build.0 = Release|Win32
		{1BB0843E-6198-469C-81F5-67936F6CFE0E}.Debug|Win32.ActiveCfg = Debug|Win32
		{1BB0843E-6198-469C-81F5-67936F6CFE0E}.Debug|Win32.Build.0 = Debug|Win32
		{1BB0843E-6198-469C-81F5-67936F6CFE0E}.Release|Win32.ActiveCfg = Release|Win32
		{1BB0843E-6198-469C-81F5-67936F6CFE0E}.Release|Win32.Build.0 = Release|Win32
		{43563A07-788C-4B0A-A64A-95E39A0AFC87}.Debug|Win32.ActiveCfg = Debug|Win32
		{43563A07-788C-4B0A-A64A-95E39A0AFC87}.Debug|Win32.Build.0 = Debug|Win32
		{43563A07-788C-4B0A-A64A-95E39A0AFC87}.Release|Win32.ActiveCfg = Release|Win32
		{43563A07-788C-4B0A-A64A-95E39A0AFC87}.Release|Win32.Build.0 = Release|Win32
		{9EE64C39-2802-47B6-914E-141F42297CE3}.Debug|Win32.ActiveCfg = Debug|Win32
		{9EE64C39-2802-47B6-914E-141F42297CE3}.Debug|Win32.Build.0 = Debug|Win32
		{9EE64C39-2802-47B6-914E-141F42297CE3}.Release|Win32.ActiveCfg = Release|Win32
		{9EE64C39-2802-47B6-914E-141F42297CE3}.Release|Win32.Build.0 = Release|Win32
		{6B3DEA0F-40A4-40E9-9744-859F940203C6}.Debug|Win32.ActiveCfg = Debug|Win32
		{6B3DEA0F-40A4-40E9-9744-859F940203C6}.Debug|Win32.Build.0 = Debug|Win32
		{6B3DEA0F-40A4-40E9-9744-859F940203C6}.Release|Win32.ActiveCfg = Release|Win32
		{6B3DEA0F-40A4-40E9-9744-859F940203C6}.Release|Win32.Build.0 = Release|Win32
	EndGlobalSection
	GlobalSection(SolutionProperties) = preSolution
		HideSolutionNode = FALSE
	EndGlobalSection
EndGlobal
