
Microsoft Visual Studio Solution File, Format Version 12.00
# Visual Studio 14
VisualStudioVersion = 14.0.25420.1
MinimumVisualStudioVersion = 10.0.40219.1
Project("{2150E333-8FDC-42A3-9474-1A3956D46DE8}") = "doc", "doc", "{6A681570-66DD-458C-A5C3-A85701A4ED9E}"
	ProjectSection(SolutionItems) = preProject
		README.md = README.md
		STUDY.md = STUDY.md
	EndProjectSection
EndProject
Project("{2150E333-8FDC-42A3-9474-1A3956D46DE8}") = "game", "game", "{C0BAD7B7-4B1E-492E-9B19-4A7983B7BA8D}"
EndProject
Project("{2150E333-8FDC-42A3-9474-1A3956D46DE8}") = "clang", "clang", "{4CB40242-0746-433F-B31F-792FD0A57576}"
EndProject
Project("{8BC9CEB8-8B4A-11D0-8D11-00A0C91BC942}") = "指针专题", "clang\指针专题\指针专题.vcxproj", "{89338EEF-D6AE-466D-940A-52CF92EE8ED7}"
EndProject
Project("{8BC9CEB8-8B4A-11D0-8D11-00A0C91BC942}") = "链表", "clang\链表\链表.vcxproj", "{E00AC129-B979-4CC7-A2B4-689D57E2DC8E}"
EndProject
Project("{8BC9CEB8-8B4A-11D0-8D11-00A0C91BC942}") = "数组的技术盲点", "clang\数组的技术盲点\数组的技术盲点.vcxproj", "{BD8B91A3-4253-48A1-9AF3-FA961F52753F}"
EndProject
Project("{8BC9CEB8-8B4A-11D0-8D11-00A0C91BC942}") = "文件", "clang\文件\文件.vcxproj", "{210F9028-FE9D-4A15-A7B9-D5BA466AC5CB}"
EndProject
Project("{8BC9CEB8-8B4A-11D0-8D11-00A0C91BC942}") = "文件加密", "clang\文件加密\文件加密.vcxproj", "{58F04DF0-3548-4EF9-B13A-6686FC1EA0FC}"
EndProject
Project("{8BC9CEB8-8B4A-11D0-8D11-00A0C91BC942}") = "文件例子", "clang\文件例子\文件例子.vcxproj", "{28F215B7-EC57-47B7-AB1F-1AD5FB0246D2}"
EndProject
Project("{8BC9CEB8-8B4A-11D0-8D11-00A0C91BC942}") = "指针铁律1", "clang\指针铁律1\指针铁律1.vcxproj", "{AF2C9F94-3FE3-41D5-8724-46084EDADE52}"
EndProject
Project("{8BC9CEB8-8B4A-11D0-8D11-00A0C91BC942}") = "指针铁律2", "clang\指针铁律2\指针铁律2.vcxproj", "{97AF3489-2990-419D-8B3E-E6D24665D0D4}"
EndProject
Project("{8BC9CEB8-8B4A-11D0-8D11-00A0C91BC942}") = "字符字符串字符数组", "clang\字符字符串字符数组\字符字符串字符数组.vcxproj", "{2F2B1A06-B977-4198-B831-C8ED3E2C90C1}"
EndProject
Project("{8BC9CEB8-8B4A-11D0-8D11-00A0C91BC942}") = "const", "clang\const专题\const专题.vcxproj", "{CC5CFF5C-6DF3-4AE2-9246-EBD51BFC2E46}"
EndProject
Project("{2150E333-8FDC-42A3-9474-1A3956D46DE8}") = "win32", "win32", "{5AD7B237-FBD5-415C-A81B-DC1765020725}"
EndProject
Project("{2150E333-8FDC-42A3-9474-1A3956D46DE8}") = "cpp", "cpp", "{6DAD5EE6-0497-445F-81BE-F7331B151551}"
EndProject
Project("{8BC9CEB8-8B4A-11D0-8D11-00A0C91BC942}") = "base", "clang\base\base.vcxproj", "{D5A62920-B393-4B95-8AE6-0BE75C5B5260}"
EndProject
Project("{2150E333-8FDC-42A3-9474-1A3956D46DE8}") = "studyc", "studyc", "{6D96DDE2-244C-44A2-A499-54D217574D45}"
EndProject
Project("{8BC9CEB8-8B4A-11D0-8D11-00A0C91BC942}") = "100", "studyc\100\100.vcxproj", "{10273C45-00CD-4B1B-BF63-D75A17C95948}"
EndProject
Project("{8BC9CEB8-8B4A-11D0-8D11-00A0C91BC942}") = "数据分离", "studyc\数据分离\数据分离.vcxproj", "{CB373CB0-2BA8-40F9-B54D-56D3CB63D5F0}"
EndProject
Project("{8BC9CEB8-8B4A-11D0-8D11-00A0C91BC942}") = "数组长度", "clang\数组长度\数组长度.vcxproj", "{96DB4D1A-CD36-405F-9E33-156A314007DA}"
EndProject
Project("{8BC9CEB8-8B4A-11D0-8D11-00A0C91BC942}") = "enum", "clang\enum\enum.vcxproj", "{B872E80D-8924-4CD3-BD5C-7ABD44127804}"
EndProject
Project("{8BC9CEB8-8B4A-11D0-8D11-00A0C91BC942}") = "排序", "studyc\排序\排序.vcxproj", "{CD2D21B5-9C46-4159-AE74-BDBE9FE2F2BA}"
EndProject
Project("{8BC9CEB8-8B4A-11D0-8D11-00A0C91BC942}") = "字符串", "studyc\字符串\字符串.vcxproj", "{9228BE75-3F7D-46CB-98CE-13C3E5A5169E}"
EndProject
Project("{8BC9CEB8-8B4A-11D0-8D11-00A0C91BC942}") = "commandLine", "win32\commandLine\commandLine.vcxproj", "{A03F2550-0767-4C93-A6D1-530B8922395A}"
EndProject
Project("{8BC9CEB8-8B4A-11D0-8D11-00A0C91BC942}") = "FindWindow", "win32\FindWindow\FindWindow.vcxproj", "{6D1C721D-F208-446A-918D-9C78EB23BD57}"
EndProject
Project("{8BC9CEB8-8B4A-11D0-8D11-00A0C91BC942}") = "Win32Dialog", "win32\Win32Dialog\Win32Dialog.vcxproj", "{AD8B859C-221E-463A-8803-20EF24356046}"
EndProject
Project("{8BC9CEB8-8B4A-11D0-8D11-00A0C91BC942}") = "Win32自建窗口", "win32\Win32自建窗口\Win32自建窗口.vcxproj", "{7B2258BA-8995-40DA-885D-1DED7394B0BD}"
EndProject
Project("{8BC9CEB8-8B4A-11D0-8D11-00A0C91BC942}") = "WindowsProcess", "win32\WindowsProcess\WindowsProcess.vcxproj", "{B2D03F57-A2AF-4A64-9800-2BE2F158104E}"
EndProject
Project("{8BC9CEB8-8B4A-11D0-8D11-00A0C91BC942}") = "WindowsProgramming", "win32\WindowsProgramming\WindowsProgramming.vcxproj", "{07521FCC-8D97-4BBA-8AFD-64E0F4B22572}"
EndProject
Project("{8BC9CEB8-8B4A-11D0-8D11-00A0C91BC942}") = "多线程并发", "win32\多线程并发\多线程并发.vcxproj", "{05B128BC-E53F-4D80-BE4E-BFA4926A9618}"
EndProject
Project("{8BC9CEB8-8B4A-11D0-8D11-00A0C91BC942}") = "线程挂起恢复睡眠切换", "win32\线程挂起恢复睡眠切换\线程挂起恢复睡眠切换.vcxproj", "{07DD016E-8CA5-4981-9B70-84A80E071E8A}"
EndProject
Project("{8BC9CEB8-8B4A-11D0-8D11-00A0C91BC942}") = "线程同步", "win32\线程同步\线程同步.vcxproj", "{BB40443F-9697-447D-919B-D73C60BD28B9}"
EndProject
Project("{8BC9CEB8-8B4A-11D0-8D11-00A0C91BC942}") = "线程同步InterLocked", "win32\线程同步InterLocked\线程同步InterLocked.vcxproj", "{7E7C64FA-5DFC-4441-BB0A-8A85A5D0517C}"
EndProject
Project("{8BC9CEB8-8B4A-11D0-8D11-00A0C91BC942}") = "游戏修改器", "win32\游戏修改器\游戏修改器.vcxproj", "{CF8FCBBA-0C5B-4DA9-8FE4-6C66193F1235}"
EndProject
Project("{8BC9CEB8-8B4A-11D0-8D11-00A0C91BC942}") = "游戏修改器测试", "win32\游戏修改器测试\游戏修改器测试.vcxproj", "{86498C91-4834-43FA-86DF-9070F0F75DC6}"
EndProject
Project("{8BC9CEB8-8B4A-11D0-8D11-00A0C91BC942}") = "多字节与Unicode", "clang\多字节与Unicode\多字节与Unicode.vcxproj", "{4B5361A2-060A-43B4-AAE4-745B8486797E}"
EndProject
Project("{8BC9CEB8-8B4A-11D0-8D11-00A0C91BC942}") = "struct", "clang\struct\struct.vcxproj", "{41B7EDAD-224E-44E6-A190-280F4D8C3AA5}"
EndProject
Project("{8BC9CEB8-8B4A-11D0-8D11-00A0C91BC942}") = "time", "clang\time\time.vcxproj", "{EFEBF70F-7D19-4E15-A685-148BDB2B90D4}"
EndProject
Project("{8BC9CEB8-8B4A-11D0-8D11-00A0C91BC942}") = "Array", "studyc\Array\Array.vcxproj", "{35589385-B309-49A3-A13B-77FB2F48B3AF}"
EndProject
Project("{8BC9CEB8-8B4A-11D0-8D11-00A0C91BC942}") = "datatype", "clang\datatype\datatype.vcxproj", "{DD4D5AB1-6545-47EE-8D65-B29AACF09878}"
EndProject
Project("{8BC9CEB8-8B4A-11D0-8D11-00A0C91BC942}") = "RAM", "clang\RAM\RAM.vcxproj", "{14F5EC0A-4F8F-44C0-903D-D54E90CCB8BB}"
EndProject
Project("{8BC9CEB8-8B4A-11D0-8D11-00A0C91BC942}") = "指针模型", "clang\指针模型\指针模型.vcxproj", "{ECC06065-9891-4515-834E-741FFB33E4EE}"
EndProject
Project("{8BC9CEB8-8B4A-11D0-8D11-00A0C91BC942}") = "function", "clang\function\function.vcxproj", "{08575689-01F7-4895-94DA-E28E3CB6F736}"
EndProject
Project("{8BC9CEB8-8B4A-11D0-8D11-00A0C91BC942}") = "base", "cpp\base\base.vcxproj", "{7AF1ACED-2105-48F7-A56A-EDE3894CA720}"
EndProject
Project("{8BC9CEB8-8B4A-11D0-8D11-00A0C91BC942}") = "mystring", "cpp\mystring\mystring.vcxproj", "{09CC1698-DF71-4765-BC41-20747AED1E77}"
EndProject
Project("{8BC9CEB8-8B4A-11D0-8D11-00A0C91BC942}") = "信息系统框架集成第三方产品案例", "cpp\信息系统框架集成第三方产品案例\信息系统框架集成第三方产品案例.vcxproj", "{5EF78724-FA6B-43C7-A7D6-92FDCD7F5F1F}"
EndProject
Global
	GlobalSection(SolutionConfigurationPlatforms) = preSolution
		Debug|x64 = Debug|x64
		Debug|x86 = Debug|x86
		Release|x64 = Release|x64
		Release|x86 = Release|x86
	EndGlobalSection
	GlobalSection(ProjectConfigurationPlatforms) = postSolution
		{89338EEF-D6AE-466D-940A-52CF92EE8ED7}.Debug|x64.ActiveCfg = Debug|x64
		{89338EEF-D6AE-466D-940A-52CF92EE8ED7}.Debug|x64.Build.0 = Debug|x64
		{89338EEF-D6AE-466D-940A-52CF92EE8ED7}.Debug|x86.ActiveCfg = Debug|Win32
		{89338EEF-D6AE-466D-940A-52CF92EE8ED7}.Debug|x86.Build.0 = Debug|Win32
		{89338EEF-D6AE-466D-940A-52CF92EE8ED7}.Release|x64.ActiveCfg = Release|x64
		{89338EEF-D6AE-466D-940A-52CF92EE8ED7}.Release|x64.Build.0 = Release|x64
		{89338EEF-D6AE-466D-940A-52CF92EE8ED7}.Release|x86.ActiveCfg = Release|Win32
		{89338EEF-D6AE-466D-940A-52CF92EE8ED7}.Release|x86.Build.0 = Release|Win32
		{E00AC129-B979-4CC7-A2B4-689D57E2DC8E}.Debug|x64.ActiveCfg = Debug|x64
		{E00AC129-B979-4CC7-A2B4-689D57E2DC8E}.Debug|x64.Build.0 = Debug|x64
		{E00AC129-B979-4CC7-A2B4-689D57E2DC8E}.Debug|x86.ActiveCfg = Debug|Win32
		{E00AC129-B979-4CC7-A2B4-689D57E2DC8E}.Debug|x86.Build.0 = Debug|Win32
		{E00AC129-B979-4CC7-A2B4-689D57E2DC8E}.Release|x64.ActiveCfg = Release|x64
		{E00AC129-B979-4CC7-A2B4-689D57E2DC8E}.Release|x64.Build.0 = Release|x64
		{E00AC129-B979-4CC7-A2B4-689D57E2DC8E}.Release|x86.ActiveCfg = Release|Win32
		{E00AC129-B979-4CC7-A2B4-689D57E2DC8E}.Release|x86.Build.0 = Release|Win32
		{BD8B91A3-4253-48A1-9AF3-FA961F52753F}.Debug|x64.ActiveCfg = Debug|x64
		{BD8B91A3-4253-48A1-9AF3-FA961F52753F}.Debug|x64.Build.0 = Debug|x64
		{BD8B91A3-4253-48A1-9AF3-FA961F52753F}.Debug|x86.ActiveCfg = Debug|Win32
		{BD8B91A3-4253-48A1-9AF3-FA961F52753F}.Debug|x86.Build.0 = Debug|Win32
		{BD8B91A3-4253-48A1-9AF3-FA961F52753F}.Release|x64.ActiveCfg = Release|x64
		{BD8B91A3-4253-48A1-9AF3-FA961F52753F}.Release|x64.Build.0 = Release|x64
		{BD8B91A3-4253-48A1-9AF3-FA961F52753F}.Release|x86.ActiveCfg = Release|Win32
		{BD8B91A3-4253-48A1-9AF3-FA961F52753F}.Release|x86.Build.0 = Release|Win32
		{210F9028-FE9D-4A15-A7B9-D5BA466AC5CB}.Debug|x64.ActiveCfg = Debug|x64
		{210F9028-FE9D-4A15-A7B9-D5BA466AC5CB}.Debug|x64.Build.0 = Debug|x64
		{210F9028-FE9D-4A15-A7B9-D5BA466AC5CB}.Debug|x86.ActiveCfg = Debug|Win32
		{210F9028-FE9D-4A15-A7B9-D5BA466AC5CB}.Debug|x86.Build.0 = Debug|Win32
		{210F9028-FE9D-4A15-A7B9-D5BA466AC5CB}.Release|x64.ActiveCfg = Release|x64
		{210F9028-FE9D-4A15-A7B9-D5BA466AC5CB}.Release|x64.Build.0 = Release|x64
		{210F9028-FE9D-4A15-A7B9-D5BA466AC5CB}.Release|x86.ActiveCfg = Release|Win32
		{210F9028-FE9D-4A15-A7B9-D5BA466AC5CB}.Release|x86.Build.0 = Release|Win32
		{58F04DF0-3548-4EF9-B13A-6686FC1EA0FC}.Debug|x64.ActiveCfg = Debug|x64
		{58F04DF0-3548-4EF9-B13A-6686FC1EA0FC}.Debug|x64.Build.0 = Debug|x64
		{58F04DF0-3548-4EF9-B13A-6686FC1EA0FC}.Debug|x86.ActiveCfg = Debug|Win32
		{58F04DF0-3548-4EF9-B13A-6686FC1EA0FC}.Debug|x86.Build.0 = Debug|Win32
		{58F04DF0-3548-4EF9-B13A-6686FC1EA0FC}.Release|x64.ActiveCfg = Release|x64
		{58F04DF0-3548-4EF9-B13A-6686FC1EA0FC}.Release|x64.Build.0 = Release|x64
		{58F04DF0-3548-4EF9-B13A-6686FC1EA0FC}.Release|x86.ActiveCfg = Release|Win32
		{58F04DF0-3548-4EF9-B13A-6686FC1EA0FC}.Release|x86.Build.0 = Release|Win32
		{28F215B7-EC57-47B7-AB1F-1AD5FB0246D2}.Debug|x64.ActiveCfg = Debug|x64
		{28F215B7-EC57-47B7-AB1F-1AD5FB0246D2}.Debug|x64.Build.0 = Debug|x64
		{28F215B7-EC57-47B7-AB1F-1AD5FB0246D2}.Debug|x86.ActiveCfg = Debug|Win32
		{28F215B7-EC57-47B7-AB1F-1AD5FB0246D2}.Debug|x86.Build.0 = Debug|Win32
		{28F215B7-EC57-47B7-AB1F-1AD5FB0246D2}.Release|x64.ActiveCfg = Release|x64
		{28F215B7-EC57-47B7-AB1F-1AD5FB0246D2}.Release|x64.Build.0 = Release|x64
		{28F215B7-EC57-47B7-AB1F-1AD5FB0246D2}.Release|x86.ActiveCfg = Release|Win32
		{28F215B7-EC57-47B7-AB1F-1AD5FB0246D2}.Release|x86.Build.0 = Release|Win32
		{AF2C9F94-3FE3-41D5-8724-46084EDADE52}.Debug|x64.ActiveCfg = Debug|x64
		{AF2C9F94-3FE3-41D5-8724-46084EDADE52}.Debug|x64.Build.0 = Debug|x64
		{AF2C9F94-3FE3-41D5-8724-46084EDADE52}.Debug|x86.ActiveCfg = Debug|Win32
		{AF2C9F94-3FE3-41D5-8724-46084EDADE52}.Debug|x86.Build.0 = Debug|Win32
		{AF2C9F94-3FE3-41D5-8724-46084EDADE52}.Release|x64.ActiveCfg = Release|x64
		{AF2C9F94-3FE3-41D5-8724-46084EDADE52}.Release|x64.Build.0 = Release|x64
		{AF2C9F94-3FE3-41D5-8724-46084EDADE52}.Release|x86.ActiveCfg = Release|Win32
		{AF2C9F94-3FE3-41D5-8724-46084EDADE52}.Release|x86.Build.0 = Release|Win32
		{97AF3489-2990-419D-8B3E-E6D24665D0D4}.Debug|x64.ActiveCfg = Debug|x64
		{97AF3489-2990-419D-8B3E-E6D24665D0D4}.Debug|x64.Build.0 = Debug|x64
		{97AF3489-2990-419D-8B3E-E6D24665D0D4}.Debug|x86.ActiveCfg = Debug|Win32
		{97AF3489-2990-419D-8B3E-E6D24665D0D4}.Debug|x86.Build.0 = Debug|Win32
		{97AF3489-2990-419D-8B3E-E6D24665D0D4}.Release|x64.ActiveCfg = Release|x64
		{97AF3489-2990-419D-8B3E-E6D24665D0D4}.Release|x64.Build.0 = Release|x64
		{97AF3489-2990-419D-8B3E-E6D24665D0D4}.Release|x86.ActiveCfg = Release|Win32
		{97AF3489-2990-419D-8B3E-E6D24665D0D4}.Release|x86.Build.0 = Release|Win32
		{2F2B1A06-B977-4198-B831-C8ED3E2C90C1}.Debug|x64.ActiveCfg = Debug|x64
		{2F2B1A06-B977-4198-B831-C8ED3E2C90C1}.Debug|x64.Build.0 = Debug|x64
		{2F2B1A06-B977-4198-B831-C8ED3E2C90C1}.Debug|x86.ActiveCfg = Debug|Win32
		{2F2B1A06-B977-4198-B831-C8ED3E2C90C1}.Debug|x86.Build.0 = Debug|Win32
		{2F2B1A06-B977-4198-B831-C8ED3E2C90C1}.Release|x64.ActiveCfg = Release|x64
		{2F2B1A06-B977-4198-B831-C8ED3E2C90C1}.Release|x64.Build.0 = Release|x64
		{2F2B1A06-B977-4198-B831-C8ED3E2C90C1}.Release|x86.ActiveCfg = Release|Win32
		{2F2B1A06-B977-4198-B831-C8ED3E2C90C1}.Release|x86.Build.0 = Release|Win32
		{CC5CFF5C-6DF3-4AE2-9246-EBD51BFC2E46}.Debug|x64.ActiveCfg = Debug|x64
		{CC5CFF5C-6DF3-4AE2-9246-EBD51BFC2E46}.Debug|x64.Build.0 = Debug|x64
		{CC5CFF5C-6DF3-4AE2-9246-EBD51BFC2E46}.Debug|x86.ActiveCfg = Debug|Win32
		{CC5CFF5C-6DF3-4AE2-9246-EBD51BFC2E46}.Debug|x86.Build.0 = Debug|Win32
		{CC5CFF5C-6DF3-4AE2-9246-EBD51BFC2E46}.Release|x64.ActiveCfg = Release|x64
		{CC5CFF5C-6DF3-4AE2-9246-EBD51BFC2E46}.Release|x64.Build.0 = Release|x64
		{CC5CFF5C-6DF3-4AE2-9246-EBD51BFC2E46}.Release|x86.ActiveCfg = Release|Win32
		{CC5CFF5C-6DF3-4AE2-9246-EBD51BFC2E46}.Release|x86.Build.0 = Release|Win32
		{D5A62920-B393-4B95-8AE6-0BE75C5B5260}.Debug|x64.ActiveCfg = Debug|x64
		{D5A62920-B393-4B95-8AE6-0BE75C5B5260}.Debug|x64.Build.0 = Debug|x64
		{D5A62920-B393-4B95-8AE6-0BE75C5B5260}.Debug|x86.ActiveCfg = Debug|Win32
		{D5A62920-B393-4B95-8AE6-0BE75C5B5260}.Debug|x86.Build.0 = Debug|Win32
		{D5A62920-B393-4B95-8AE6-0BE75C5B5260}.Release|x64.ActiveCfg = Release|x64
		{D5A62920-B393-4B95-8AE6-0BE75C5B5260}.Release|x64.Build.0 = Release|x64
		{D5A62920-B393-4B95-8AE6-0BE75C5B5260}.Release|x86.ActiveCfg = Release|Win32
		{D5A62920-B393-4B95-8AE6-0BE75C5B5260}.Release|x86.Build.0 = Release|Win32
		{10273C45-00CD-4B1B-BF63-D75A17C95948}.Debug|x64.ActiveCfg = Debug|x64
		{10273C45-00CD-4B1B-BF63-D75A17C95948}.Debug|x64.Build.0 = Debug|x64
		{10273C45-00CD-4B1B-BF63-D75A17C95948}.Debug|x86.ActiveCfg = Debug|Win32
		{10273C45-00CD-4B1B-BF63-D75A17C95948}.Debug|x86.Build.0 = Debug|Win32
		{10273C45-00CD-4B1B-BF63-D75A17C95948}.Release|x64.ActiveCfg = Release|x64
		{10273C45-00CD-4B1B-BF63-D75A17C95948}.Release|x64.Build.0 = Release|x64
		{10273C45-00CD-4B1B-BF63-D75A17C95948}.Release|x86.ActiveCfg = Release|Win32
		{10273C45-00CD-4B1B-BF63-D75A17C95948}.Release|x86.Build.0 = Release|Win32
		{CB373CB0-2BA8-40F9-B54D-56D3CB63D5F0}.Debug|x64.ActiveCfg = Debug|x64
		{CB373CB0-2BA8-40F9-B54D-56D3CB63D5F0}.Debug|x64.Build.0 = Debug|x64
		{CB373CB0-2BA8-40F9-B54D-56D3CB63D5F0}.Debug|x86.ActiveCfg = Debug|Win32
		{CB373CB0-2BA8-40F9-B54D-56D3CB63D5F0}.Debug|x86.Build.0 = Debug|Win32
		{CB373CB0-2BA8-40F9-B54D-56D3CB63D5F0}.Release|x64.ActiveCfg = Release|x64
		{CB373CB0-2BA8-40F9-B54D-56D3CB63D5F0}.Release|x64.Build.0 = Release|x64
		{CB373CB0-2BA8-40F9-B54D-56D3CB63D5F0}.Release|x86.ActiveCfg = Release|Win32
		{CB373CB0-2BA8-40F9-B54D-56D3CB63D5F0}.Release|x86.Build.0 = Release|Win32
		{96DB4D1A-CD36-405F-9E33-156A314007DA}.Debug|x64.ActiveCfg = Debug|x64
		{96DB4D1A-CD36-405F-9E33-156A314007DA}.Debug|x64.Build.0 = Debug|x64
		{96DB4D1A-CD36-405F-9E33-156A314007DA}.Debug|x86.ActiveCfg = Debug|Win32
		{96DB4D1A-CD36-405F-9E33-156A314007DA}.Debug|x86.Build.0 = Debug|Win32
		{96DB4D1A-CD36-405F-9E33-156A314007DA}.Release|x64.ActiveCfg = Release|x64
		{96DB4D1A-CD36-405F-9E33-156A314007DA}.Release|x64.Build.0 = Release|x64
		{96DB4D1A-CD36-405F-9E33-156A314007DA}.Release|x86.ActiveCfg = Release|Win32
		{96DB4D1A-CD36-405F-9E33-156A314007DA}.Release|x86.Build.0 = Release|Win32
		{B872E80D-8924-4CD3-BD5C-7ABD44127804}.Debug|x64.ActiveCfg = Debug|x64
		{B872E80D-8924-4CD3-BD5C-7ABD44127804}.Debug|x64.Build.0 = Debug|x64
		{B872E80D-8924-4CD3-BD5C-7ABD44127804}.Debug|x86.ActiveCfg = Debug|Win32
		{B872E80D-8924-4CD3-BD5C-7ABD44127804}.Debug|x86.Build.0 = Debug|Win32
		{B872E80D-8924-4CD3-BD5C-7ABD44127804}.Release|x64.ActiveCfg = Release|x64
		{B872E80D-8924-4CD3-BD5C-7ABD44127804}.Release|x64.Build.0 = Release|x64
		{B872E80D-8924-4CD3-BD5C-7ABD44127804}.Release|x86.ActiveCfg = Release|Win32
		{B872E80D-8924-4CD3-BD5C-7ABD44127804}.Release|x86.Build.0 = Release|Win32
		{CD2D21B5-9C46-4159-AE74-BDBE9FE2F2BA}.Debug|x64.ActiveCfg = Debug|x64
		{CD2D21B5-9C46-4159-AE74-BDBE9FE2F2BA}.Debug|x64.Build.0 = Debug|x64
		{CD2D21B5-9C46-4159-AE74-BDBE9FE2F2BA}.Debug|x86.ActiveCfg = Debug|Win32
		{CD2D21B5-9C46-4159-AE74-BDBE9FE2F2BA}.Debug|x86.Build.0 = Debug|Win32
		{CD2D21B5-9C46-4159-AE74-BDBE9FE2F2BA}.Release|x64.ActiveCfg = Release|x64
		{CD2D21B5-9C46-4159-AE74-BDBE9FE2F2BA}.Release|x64.Build.0 = Release|x64
		{CD2D21B5-9C46-4159-AE74-BDBE9FE2F2BA}.Release|x86.ActiveCfg = Release|Win32
		{CD2D21B5-9C46-4159-AE74-BDBE9FE2F2BA}.Release|x86.Build.0 = Release|Win32
		{9228BE75-3F7D-46CB-98CE-13C3E5A5169E}.Debug|x64.ActiveCfg = Debug|x64
		{9228BE75-3F7D-46CB-98CE-13C3E5A5169E}.Debug|x64.Build.0 = Debug|x64
		{9228BE75-3F7D-46CB-98CE-13C3E5A5169E}.Debug|x86.ActiveCfg = Debug|Win32
		{9228BE75-3F7D-46CB-98CE-13C3E5A5169E}.Debug|x86.Build.0 = Debug|Win32
		{9228BE75-3F7D-46CB-98CE-13C3E5A5169E}.Release|x64.ActiveCfg = Release|x64
		{9228BE75-3F7D-46CB-98CE-13C3E5A5169E}.Release|x64.Build.0 = Release|x64
		{9228BE75-3F7D-46CB-98CE-13C3E5A5169E}.Release|x86.ActiveCfg = Release|Win32
		{9228BE75-3F7D-46CB-98CE-13C3E5A5169E}.Release|x86.Build.0 = Release|Win32
		{A03F2550-0767-4C93-A6D1-530B8922395A}.Debug|x64.ActiveCfg = Debug|x64
		{A03F2550-0767-4C93-A6D1-530B8922395A}.Debug|x64.Build.0 = Debug|x64
		{A03F2550-0767-4C93-A6D1-530B8922395A}.Debug|x86.ActiveCfg = Debug|Win32
		{A03F2550-0767-4C93-A6D1-530B8922395A}.Debug|x86.Build.0 = Debug|Win32
		{A03F2550-0767-4C93-A6D1-530B8922395A}.Release|x64.ActiveCfg = Release|x64
		{A03F2550-0767-4C93-A6D1-530B8922395A}.Release|x64.Build.0 = Release|x64
		{A03F2550-0767-4C93-A6D1-530B8922395A}.Release|x86.ActiveCfg = Release|Win32
		{A03F2550-0767-4C93-A6D1-530B8922395A}.Release|x86.Build.0 = Release|Win32
		{6D1C721D-F208-446A-918D-9C78EB23BD57}.Debug|x64.ActiveCfg = Debug|x64
		{6D1C721D-F208-446A-918D-9C78EB23BD57}.Debug|x64.Build.0 = Debug|x64
		{6D1C721D-F208-446A-918D-9C78EB23BD57}.Debug|x86.ActiveCfg = Debug|Win32
		{6D1C721D-F208-446A-918D-9C78EB23BD57}.Debug|x86.Build.0 = Debug|Win32
		{6D1C721D-F208-446A-918D-9C78EB23BD57}.Release|x64.ActiveCfg = Release|x64
		{6D1C721D-F208-446A-918D-9C78EB23BD57}.Release|x64.Build.0 = Release|x64
		{6D1C721D-F208-446A-918D-9C78EB23BD57}.Release|x86.ActiveCfg = Release|Win32
		{6D1C721D-F208-446A-918D-9C78EB23BD57}.Release|x86.Build.0 = Release|Win32
		{AD8B859C-221E-463A-8803-20EF24356046}.Debug|x64.ActiveCfg = Debug|x64
		{AD8B859C-221E-463A-8803-20EF24356046}.Debug|x64.Build.0 = Debug|x64
		{AD8B859C-221E-463A-8803-20EF24356046}.Debug|x86.ActiveCfg = Debug|Win32
		{AD8B859C-221E-463A-8803-20EF24356046}.Debug|x86.Build.0 = Debug|Win32
		{AD8B859C-221E-463A-8803-20EF24356046}.Release|x64.ActiveCfg = Release|x64
		{AD8B859C-221E-463A-8803-20EF24356046}.Release|x64.Build.0 = Release|x64
		{AD8B859C-221E-463A-8803-20EF24356046}.Release|x86.ActiveCfg = Release|Win32
		{AD8B859C-221E-463A-8803-20EF24356046}.Release|x86.Build.0 = Release|Win32
		{7B2258BA-8995-40DA-885D-1DED7394B0BD}.Debug|x64.ActiveCfg = Debug|x64
		{7B2258BA-8995-40DA-885D-1DED7394B0BD}.Debug|x64.Build.0 = Debug|x64
		{7B2258BA-8995-40DA-885D-1DED7394B0BD}.Debug|x86.ActiveCfg = Debug|Win32
		{7B2258BA-8995-40DA-885D-1DED7394B0BD}.Debug|x86.Build.0 = Debug|Win32
		{7B2258BA-8995-40DA-885D-1DED7394B0BD}.Release|x64.ActiveCfg = Release|x64
		{7B2258BA-8995-40DA-885D-1DED7394B0BD}.Release|x64.Build.0 = Release|x64
		{7B2258BA-8995-40DA-885D-1DED7394B0BD}.Release|x86.ActiveCfg = Release|Win32
		{7B2258BA-8995-40DA-885D-1DED7394B0BD}.Release|x86.Build.0 = Release|Win32
		{B2D03F57-A2AF-4A64-9800-2BE2F158104E}.Debug|x64.ActiveCfg = Debug|x64
		{B2D03F57-A2AF-4A64-9800-2BE2F158104E}.Debug|x64.Build.0 = Debug|x64
		{B2D03F57-A2AF-4A64-9800-2BE2F158104E}.Debug|x86.ActiveCfg = Debug|Win32
		{B2D03F57-A2AF-4A64-9800-2BE2F158104E}.Debug|x86.Build.0 = Debug|Win32
		{B2D03F57-A2AF-4A64-9800-2BE2F158104E}.Release|x64.ActiveCfg = Release|x64
		{B2D03F57-A2AF-4A64-9800-2BE2F158104E}.Release|x64.Build.0 = Release|x64
		{B2D03F57-A2AF-4A64-9800-2BE2F158104E}.Release|x86.ActiveCfg = Release|Win32
		{B2D03F57-A2AF-4A64-9800-2BE2F158104E}.Release|x86.Build.0 = Release|Win32
		{07521FCC-8D97-4BBA-8AFD-64E0F4B22572}.Debug|x64.ActiveCfg = Debug|x64
		{07521FCC-8D97-4BBA-8AFD-64E0F4B22572}.Debug|x64.Build.0 = Debug|x64
		{07521FCC-8D97-4BBA-8AFD-64E0F4B22572}.Debug|x86.ActiveCfg = Debug|Win32
		{07521FCC-8D97-4BBA-8AFD-64E0F4B22572}.Debug|x86.Build.0 = Debug|Win32
		{07521FCC-8D97-4BBA-8AFD-64E0F4B22572}.Release|x64.ActiveCfg = Release|x64
		{07521FCC-8D97-4BBA-8AFD-64E0F4B22572}.Release|x64.Build.0 = Release|x64
		{07521FCC-8D97-4BBA-8AFD-64E0F4B22572}.Release|x86.ActiveCfg = Release|Win32
		{07521FCC-8D97-4BBA-8AFD-64E0F4B22572}.Release|x86.Build.0 = Release|Win32
		{05B128BC-E53F-4D80-BE4E-BFA4926A9618}.Debug|x64.ActiveCfg = Debug|x64
		{05B128BC-E53F-4D80-BE4E-BFA4926A9618}.Debug|x64.Build.0 = Debug|x64
		{05B128BC-E53F-4D80-BE4E-BFA4926A9618}.Debug|x86.ActiveCfg = Debug|Win32
		{05B128BC-E53F-4D80-BE4E-BFA4926A9618}.Debug|x86.Build.0 = Debug|Win32
		{05B128BC-E53F-4D80-BE4E-BFA4926A9618}.Release|x64.ActiveCfg = Release|x64
		{05B128BC-E53F-4D80-BE4E-BFA4926A9618}.Release|x64.Build.0 = Release|x64
		{05B128BC-E53F-4D80-BE4E-BFA4926A9618}.Release|x86.ActiveCfg = Release|Win32
		{05B128BC-E53F-4D80-BE4E-BFA4926A9618}.Release|x86.Build.0 = Release|Win32
		{07DD016E-8CA5-4981-9B70-84A80E071E8A}.Debug|x64.ActiveCfg = Debug|x64
		{07DD016E-8CA5-4981-9B70-84A80E071E8A}.Debug|x64.Build.0 = Debug|x64
		{07DD016E-8CA5-4981-9B70-84A80E071E8A}.Debug|x86.ActiveCfg = Debug|Win32
		{07DD016E-8CA5-4981-9B70-84A80E071E8A}.Debug|x86.Build.0 = Debug|Win32
		{07DD016E-8CA5-4981-9B70-84A80E071E8A}.Release|x64.ActiveCfg = Release|x64
		{07DD016E-8CA5-4981-9B70-84A80E071E8A}.Release|x64.Build.0 = Release|x64
		{07DD016E-8CA5-4981-9B70-84A80E071E8A}.Release|x86.ActiveCfg = Release|Win32
		{07DD016E-8CA5-4981-9B70-84A80E071E8A}.Release|x86.Build.0 = Release|Win32
		{BB40443F-9697-447D-919B-D73C60BD28B9}.Debug|x64.ActiveCfg = Debug|x64
		{BB40443F-9697-447D-919B-D73C60BD28B9}.Debug|x64.Build.0 = Debug|x64
		{BB40443F-9697-447D-919B-D73C60BD28B9}.Debug|x86.ActiveCfg = Debug|Win32
		{BB40443F-9697-447D-919B-D73C60BD28B9}.Debug|x86.Build.0 = Debug|Win32
		{BB40443F-9697-447D-919B-D73C60BD28B9}.Release|x64.ActiveCfg = Release|x64
		{BB40443F-9697-447D-919B-D73C60BD28B9}.Release|x64.Build.0 = Release|x64
		{BB40443F-9697-447D-919B-D73C60BD28B9}.Release|x86.ActiveCfg = Release|Win32
		{BB40443F-9697-447D-919B-D73C60BD28B9}.Release|x86.Build.0 = Release|Win32
		{7E7C64FA-5DFC-4441-BB0A-8A85A5D0517C}.Debug|x64.ActiveCfg = Debug|x64
		{7E7C64FA-5DFC-4441-BB0A-8A85A5D0517C}.Debug|x64.Build.0 = Debug|x64
		{7E7C64FA-5DFC-4441-BB0A-8A85A5D0517C}.Debug|x86.ActiveCfg = Debug|Win32
		{7E7C64FA-5DFC-4441-BB0A-8A85A5D0517C}.Debug|x86.Build.0 = Debug|Win32
		{7E7C64FA-5DFC-4441-BB0A-8A85A5D0517C}.Release|x64.ActiveCfg = Release|x64
		{7E7C64FA-5DFC-4441-BB0A-8A85A5D0517C}.Release|x64.Build.0 = Release|x64
		{7E7C64FA-5DFC-4441-BB0A-8A85A5D0517C}.Release|x86.ActiveCfg = Release|Win32
		{7E7C64FA-5DFC-4441-BB0A-8A85A5D0517C}.Release|x86.Build.0 = Release|Win32
		{CF8FCBBA-0C5B-4DA9-8FE4-6C66193F1235}.Debug|x64.ActiveCfg = Debug|x64
		{CF8FCBBA-0C5B-4DA9-8FE4-6C66193F1235}.Debug|x64.Build.0 = Debug|x64
		{CF8FCBBA-0C5B-4DA9-8FE4-6C66193F1235}.Debug|x86.ActiveCfg = Debug|Win32
		{CF8FCBBA-0C5B-4DA9-8FE4-6C66193F1235}.Debug|x86.Build.0 = Debug|Win32
		{CF8FCBBA-0C5B-4DA9-8FE4-6C66193F1235}.Release|x64.ActiveCfg = Release|x64
		{CF8FCBBA-0C5B-4DA9-8FE4-6C66193F1235}.Release|x64.Build.0 = Release|x64
		{CF8FCBBA-0C5B-4DA9-8FE4-6C66193F1235}.Release|x86.ActiveCfg = Release|Win32
		{CF8FCBBA-0C5B-4DA9-8FE4-6C66193F1235}.Release|x86.Build.0 = Release|Win32
		{86498C91-4834-43FA-86DF-9070F0F75DC6}.Debug|x64.ActiveCfg = Debug|x64
		{86498C91-4834-43FA-86DF-9070F0F75DC6}.Debug|x64.Build.0 = Debug|x64
		{86498C91-4834-43FA-86DF-9070F0F75DC6}.Debug|x86.ActiveCfg = Debug|Win32
		{86498C91-4834-43FA-86DF-9070F0F75DC6}.Debug|x86.Build.0 = Debug|Win32
		{86498C91-4834-43FA-86DF-9070F0F75DC6}.Release|x64.ActiveCfg = Release|x64
		{86498C91-4834-43FA-86DF-9070F0F75DC6}.Release|x64.Build.0 = Release|x64
		{86498C91-4834-43FA-86DF-9070F0F75DC6}.Release|x86.ActiveCfg = Release|Win32
		{86498C91-4834-43FA-86DF-9070F0F75DC6}.Release|x86.Build.0 = Release|Win32
		{4B5361A2-060A-43B4-AAE4-745B8486797E}.Debug|x64.ActiveCfg = Debug|x64
		{4B5361A2-060A-43B4-AAE4-745B8486797E}.Debug|x64.Build.0 = Debug|x64
		{4B5361A2-060A-43B4-AAE4-745B8486797E}.Debug|x86.ActiveCfg = Debug|Win32
		{4B5361A2-060A-43B4-AAE4-745B8486797E}.Debug|x86.Build.0 = Debug|Win32
		{4B5361A2-060A-43B4-AAE4-745B8486797E}.Release|x64.ActiveCfg = Release|x64
		{4B5361A2-060A-43B4-AAE4-745B8486797E}.Release|x64.Build.0 = Release|x64
		{4B5361A2-060A-43B4-AAE4-745B8486797E}.Release|x86.ActiveCfg = Release|Win32
		{4B5361A2-060A-43B4-AAE4-745B8486797E}.Release|x86.Build.0 = Release|Win32
		{41B7EDAD-224E-44E6-A190-280F4D8C3AA5}.Debug|x64.ActiveCfg = Debug|x64
		{41B7EDAD-224E-44E6-A190-280F4D8C3AA5}.Debug|x64.Build.0 = Debug|x64
		{41B7EDAD-224E-44E6-A190-280F4D8C3AA5}.Debug|x86.ActiveCfg = Debug|Win32
		{41B7EDAD-224E-44E6-A190-280F4D8C3AA5}.Debug|x86.Build.0 = Debug|Win32
		{41B7EDAD-224E-44E6-A190-280F4D8C3AA5}.Release|x64.ActiveCfg = Release|x64
		{41B7EDAD-224E-44E6-A190-280F4D8C3AA5}.Release|x64.Build.0 = Release|x64
		{41B7EDAD-224E-44E6-A190-280F4D8C3AA5}.Release|x86.ActiveCfg = Release|Win32
		{41B7EDAD-224E-44E6-A190-280F4D8C3AA5}.Release|x86.Build.0 = Release|Win32
		{EFEBF70F-7D19-4E15-A685-148BDB2B90D4}.Debug|x64.ActiveCfg = Debug|x64
		{EFEBF70F-7D19-4E15-A685-148BDB2B90D4}.Debug|x64.Build.0 = Debug|x64
		{EFEBF70F-7D19-4E15-A685-148BDB2B90D4}.Debug|x86.ActiveCfg = Debug|Win32
		{EFEBF70F-7D19-4E15-A685-148BDB2B90D4}.Debug|x86.Build.0 = Debug|Win32
		{EFEBF70F-7D19-4E15-A685-148BDB2B90D4}.Release|x64.ActiveCfg = Release|x64
		{EFEBF70F-7D19-4E15-A685-148BDB2B90D4}.Release|x64.Build.0 = Release|x64
		{EFEBF70F-7D19-4E15-A685-148BDB2B90D4}.Release|x86.ActiveCfg = Release|Win32
		{EFEBF70F-7D19-4E15-A685-148BDB2B90D4}.Release|x86.Build.0 = Release|Win32
		{35589385-B309-49A3-A13B-77FB2F48B3AF}.Debug|x64.ActiveCfg = Debug|x64
		{35589385-B309-49A3-A13B-77FB2F48B3AF}.Debug|x64.Build.0 = Debug|x64
		{35589385-B309-49A3-A13B-77FB2F48B3AF}.Debug|x86.ActiveCfg = Debug|Win32
		{35589385-B309-49A3-A13B-77FB2F48B3AF}.Debug|x86.Build.0 = Debug|Win32
		{35589385-B309-49A3-A13B-77FB2F48B3AF}.Release|x64.ActiveCfg = Release|x64
		{35589385-B309-49A3-A13B-77FB2F48B3AF}.Release|x64.Build.0 = Release|x64
		{35589385-B309-49A3-A13B-77FB2F48B3AF}.Release|x86.ActiveCfg = Release|Win32
		{35589385-B309-49A3-A13B-77FB2F48B3AF}.Release|x86.Build.0 = Release|Win32
		{DD4D5AB1-6545-47EE-8D65-B29AACF09878}.Debug|x64.ActiveCfg = Debug|x64
		{DD4D5AB1-6545-47EE-8D65-B29AACF09878}.Debug|x64.Build.0 = Debug|x64
		{DD4D5AB1-6545-47EE-8D65-B29AACF09878}.Debug|x86.ActiveCfg = Debug|Win32
		{DD4D5AB1-6545-47EE-8D65-B29AACF09878}.Debug|x86.Build.0 = Debug|Win32
		{DD4D5AB1-6545-47EE-8D65-B29AACF09878}.Release|x64.ActiveCfg = Release|x64
		{DD4D5AB1-6545-47EE-8D65-B29AACF09878}.Release|x64.Build.0 = Release|x64
		{DD4D5AB1-6545-47EE-8D65-B29AACF09878}.Release|x86.ActiveCfg = Release|Win32
		{DD4D5AB1-6545-47EE-8D65-B29AACF09878}.Release|x86.Build.0 = Release|Win32
		{14F5EC0A-4F8F-44C0-903D-D54E90CCB8BB}.Debug|x64.ActiveCfg = Debug|x64
		{14F5EC0A-4F8F-44C0-903D-D54E90CCB8BB}.Debug|x64.Build.0 = Debug|x64
		{14F5EC0A-4F8F-44C0-903D-D54E90CCB8BB}.Debug|x86.ActiveCfg = Debug|Win32
		{14F5EC0A-4F8F-44C0-903D-D54E90CCB8BB}.Debug|x86.Build.0 = Debug|Win32
		{14F5EC0A-4F8F-44C0-903D-D54E90CCB8BB}.Release|x64.ActiveCfg = Release|x64
		{14F5EC0A-4F8F-44C0-903D-D54E90CCB8BB}.Release|x64.Build.0 = Release|x64
		{14F5EC0A-4F8F-44C0-903D-D54E90CCB8BB}.Release|x86.ActiveCfg = Release|Win32
		{14F5EC0A-4F8F-44C0-903D-D54E90CCB8BB}.Release|x86.Build.0 = Release|Win32
		{ECC06065-9891-4515-834E-741FFB33E4EE}.Debug|x64.ActiveCfg = Debug|x64
		{ECC06065-9891-4515-834E-741FFB33E4EE}.Debug|x64.Build.0 = Debug|x64
		{ECC06065-9891-4515-834E-741FFB33E4EE}.Debug|x86.ActiveCfg = Debug|Win32
		{ECC06065-9891-4515-834E-741FFB33E4EE}.Debug|x86.Build.0 = Debug|Win32
		{ECC06065-9891-4515-834E-741FFB33E4EE}.Release|x64.ActiveCfg = Release|x64
		{ECC06065-9891-4515-834E-741FFB33E4EE}.Release|x64.Build.0 = Release|x64
		{ECC06065-9891-4515-834E-741FFB33E4EE}.Release|x86.ActiveCfg = Release|Win32
		{ECC06065-9891-4515-834E-741FFB33E4EE}.Release|x86.Build.0 = Release|Win32
		{08575689-01F7-4895-94DA-E28E3CB6F736}.Debug|x64.ActiveCfg = Debug|x64
		{08575689-01F7-4895-94DA-E28E3CB6F736}.Debug|x64.Build.0 = Debug|x64
		{08575689-01F7-4895-94DA-E28E3CB6F736}.Debug|x86.ActiveCfg = Debug|Win32
		{08575689-01F7-4895-94DA-E28E3CB6F736}.Debug|x86.Build.0 = Debug|Win32
		{08575689-01F7-4895-94DA-E28E3CB6F736}.Release|x64.ActiveCfg = Release|x64
		{08575689-01F7-4895-94DA-E28E3CB6F736}.Release|x64.Build.0 = Release|x64
		{08575689-01F7-4895-94DA-E28E3CB6F736}.Release|x86.ActiveCfg = Release|Win32
		{08575689-01F7-4895-94DA-E28E3CB6F736}.Release|x86.Build.0 = Release|Win32
		{7AF1ACED-2105-48F7-A56A-EDE3894CA720}.Debug|x64.ActiveCfg = Debug|x64
		{7AF1ACED-2105-48F7-A56A-EDE3894CA720}.Debug|x64.Build.0 = Debug|x64
		{7AF1ACED-2105-48F7-A56A-EDE3894CA720}.Debug|x86.ActiveCfg = Debug|Win32
		{7AF1ACED-2105-48F7-A56A-EDE3894CA720}.Debug|x86.Build.0 = Debug|Win32
		{7AF1ACED-2105-48F7-A56A-EDE3894CA720}.Release|x64.ActiveCfg = Release|x64
		{7AF1ACED-2105-48F7-A56A-EDE3894CA720}.Release|x64.Build.0 = Release|x64
		{7AF1ACED-2105-48F7-A56A-EDE3894CA720}.Release|x86.ActiveCfg = Release|Win32
		{7AF1ACED-2105-48F7-A56A-EDE3894CA720}.Release|x86.Build.0 = Release|Win32
		{09CC1698-DF71-4765-BC41-20747AED1E77}.Debug|x64.ActiveCfg = Debug|x64
		{09CC1698-DF71-4765-BC41-20747AED1E77}.Debug|x64.Build.0 = Debug|x64
		{09CC1698-DF71-4765-BC41-20747AED1E77}.Debug|x86.ActiveCfg = Debug|Win32
		{09CC1698-DF71-4765-BC41-20747AED1E77}.Debug|x86.Build.0 = Debug|Win32
		{09CC1698-DF71-4765-BC41-20747AED1E77}.Release|x64.ActiveCfg = Release|x64
		{09CC1698-DF71-4765-BC41-20747AED1E77}.Release|x64.Build.0 = Release|x64
		{09CC1698-DF71-4765-BC41-20747AED1E77}.Release|x86.ActiveCfg = Release|Win32
		{09CC1698-DF71-4765-BC41-20747AED1E77}.Release|x86.Build.0 = Release|Win32
		{5EF78724-FA6B-43C7-A7D6-92FDCD7F5F1F}.Debug|x64.ActiveCfg = Debug|x64
		{5EF78724-FA6B-43C7-A7D6-92FDCD7F5F1F}.Debug|x64.Build.0 = Debug|x64
		{5EF78724-FA6B-43C7-A7D6-92FDCD7F5F1F}.Debug|x86.ActiveCfg = Debug|Win32
		{5EF78724-FA6B-43C7-A7D6-92FDCD7F5F1F}.Debug|x86.Build.0 = Debug|Win32
		{5EF78724-FA6B-43C7-A7D6-92FDCD7F5F1F}.Release|x64.ActiveCfg = Release|x64
		{5EF78724-FA6B-43C7-A7D6-92FDCD7F5F1F}.Release|x64.Build.0 = Release|x64
		{5EF78724-FA6B-43C7-A7D6-92FDCD7F5F1F}.Release|x86.ActiveCfg = Release|Win32
		{5EF78724-FA6B-43C7-A7D6-92FDCD7F5F1F}.Release|x86.Build.0 = Release|Win32
	EndGlobalSection
	GlobalSection(SolutionProperties) = preSolution
		HideSolutionNode = FALSE
	EndGlobalSection
	GlobalSection(NestedProjects) = preSolution
		{89338EEF-D6AE-466D-940A-52CF92EE8ED7} = {4CB40242-0746-433F-B31F-792FD0A57576}
		{E00AC129-B979-4CC7-A2B4-689D57E2DC8E} = {4CB40242-0746-433F-B31F-792FD0A57576}
		{BD8B91A3-4253-48A1-9AF3-FA961F52753F} = {4CB40242-0746-433F-B31F-792FD0A57576}
		{210F9028-FE9D-4A15-A7B9-D5BA466AC5CB} = {4CB40242-0746-433F-B31F-792FD0A57576}
		{58F04DF0-3548-4EF9-B13A-6686FC1EA0FC} = {4CB40242-0746-433F-B31F-792FD0A57576}
		{28F215B7-EC57-47B7-AB1F-1AD5FB0246D2} = {4CB40242-0746-433F-B31F-792FD0A57576}
		{AF2C9F94-3FE3-41D5-8724-46084EDADE52} = {4CB40242-0746-433F-B31F-792FD0A57576}
		{97AF3489-2990-419D-8B3E-E6D24665D0D4} = {4CB40242-0746-433F-B31F-792FD0A57576}
		{2F2B1A06-B977-4198-B831-C8ED3E2C90C1} = {4CB40242-0746-433F-B31F-792FD0A57576}
		{CC5CFF5C-6DF3-4AE2-9246-EBD51BFC2E46} = {4CB40242-0746-433F-B31F-792FD0A57576}
		{D5A62920-B393-4B95-8AE6-0BE75C5B5260} = {4CB40242-0746-433F-B31F-792FD0A57576}
		{10273C45-00CD-4B1B-BF63-D75A17C95948} = {6D96DDE2-244C-44A2-A499-54D217574D45}
		{CB373CB0-2BA8-40F9-B54D-56D3CB63D5F0} = {6D96DDE2-244C-44A2-A499-54D217574D45}
		{96DB4D1A-CD36-405F-9E33-156A314007DA} = {4CB40242-0746-433F-B31F-792FD0A57576}
		{B872E80D-8924-4CD3-BD5C-7ABD44127804} = {4CB40242-0746-433F-B31F-792FD0A57576}
		{CD2D21B5-9C46-4159-AE74-BDBE9FE2F2BA} = {6D96DDE2-244C-44A2-A499-54D217574D45}
		{9228BE75-3F7D-46CB-98CE-13C3E5A5169E} = {6D96DDE2-244C-44A2-A499-54D217574D45}
		{A03F2550-0767-4C93-A6D1-530B8922395A} = {5AD7B237-FBD5-415C-A81B-DC1765020725}
		{6D1C721D-F208-446A-918D-9C78EB23BD57} = {5AD7B237-FBD5-415C-A81B-DC1765020725}
		{AD8B859C-221E-463A-8803-20EF24356046} = {5AD7B237-FBD5-415C-A81B-DC1765020725}
		{7B2258BA-8995-40DA-885D-1DED7394B0BD} = {5AD7B237-FBD5-415C-A81B-DC1765020725}
		{B2D03F57-A2AF-4A64-9800-2BE2F158104E} = {5AD7B237-FBD5-415C-A81B-DC1765020725}
		{07521FCC-8D97-4BBA-8AFD-64E0F4B22572} = {5AD7B237-FBD5-415C-A81B-DC1765020725}
		{05B128BC-E53F-4D80-BE4E-BFA4926A9618} = {5AD7B237-FBD5-415C-A81B-DC1765020725}
		{07DD016E-8CA5-4981-9B70-84A80E071E8A} = {5AD7B237-FBD5-415C-A81B-DC1765020725}
		{BB40443F-9697-447D-919B-D73C60BD28B9} = {5AD7B237-FBD5-415C-A81B-DC1765020725}
		{7E7C64FA-5DFC-4441-BB0A-8A85A5D0517C} = {5AD7B237-FBD5-415C-A81B-DC1765020725}
		{CF8FCBBA-0C5B-4DA9-8FE4-6C66193F1235} = {5AD7B237-FBD5-415C-A81B-DC1765020725}
		{86498C91-4834-43FA-86DF-9070F0F75DC6} = {5AD7B237-FBD5-415C-A81B-DC1765020725}
		{4B5361A2-060A-43B4-AAE4-745B8486797E} = {4CB40242-0746-433F-B31F-792FD0A57576}
		{41B7EDAD-224E-44E6-A190-280F4D8C3AA5} = {4CB40242-0746-433F-B31F-792FD0A57576}
		{EFEBF70F-7D19-4E15-A685-148BDB2B90D4} = {4CB40242-0746-433F-B31F-792FD0A57576}
		{35589385-B309-49A3-A13B-77FB2F48B3AF} = {6D96DDE2-244C-44A2-A499-54D217574D45}
		{DD4D5AB1-6545-47EE-8D65-B29AACF09878} = {4CB40242-0746-433F-B31F-792FD0A57576}
		{14F5EC0A-4F8F-44C0-903D-D54E90CCB8BB} = {4CB40242-0746-433F-B31F-792FD0A57576}
		{ECC06065-9891-4515-834E-741FFB33E4EE} = {4CB40242-0746-433F-B31F-792FD0A57576}
		{08575689-01F7-4895-94DA-E28E3CB6F736} = {4CB40242-0746-433F-B31F-792FD0A57576}
		{7AF1ACED-2105-48F7-A56A-EDE3894CA720} = {6DAD5EE6-0497-445F-81BE-F7331B151551}
		{09CC1698-DF71-4765-BC41-20747AED1E77} = {6DAD5EE6-0497-445F-81BE-F7331B151551}
		{5EF78724-FA6B-43C7-A7D6-92FDCD7F5F1F} = {6DAD5EE6-0497-445F-81BE-F7331B151551}
	EndGlobalSection
EndGlobal
