
Microsoft Visual Studio Solution File, Format Version 12.00
# Visual Studio 14
VisualStudioVersion = 14.0.23107.0
MinimumVisualStudioVersion = 10.0.40219.1
Project("{8BC9CEB8-8B4A-11D0-8D11-00A0C91BC942}") = "question", "question\question.vcxproj", "{196D981B-B502-4318-9271-20B4144ABC84}"
EndProject
Project("{8BC9CEB8-8B4A-11D0-8D11-00A0C91BC942}") = "指针铁律1", "指针铁律1\指针铁律1.vcxproj", "{01F8F036-6E1A-4DD0-8AD5-4CB5F219084D}"
EndProject
Project("{8BC9CEB8-8B4A-11D0-8D11-00A0C91BC942}") = "指针铁律2", "指针铁律2\指针铁律2.vcxproj", "{14F72A40-836D-4298-9D86-9D4F11BBD151}"
EndProject
Project("{8BC9CEB8-8B4A-11D0-8D11-00A0C91BC942}") = "字符字符串字符数组", "字符字符串字符数组\字符字符串字符数组.vcxproj", "{2C898989-37E0-4C36-ABB6-9A1BADC4E560}"
EndProject
Project("{8BC9CEB8-8B4A-11D0-8D11-00A0C91BC942}") = "const专题", "const专题\const专题.vcxproj", "{215B96C0-0B82-47DA-B6A0-4D5F20907220}"
EndProject
Project("{8BC9CEB8-8B4A-11D0-8D11-00A0C91BC942}") = "指针专题", "指针专题\指针专题.vcxproj", "{89338EEF-D6AE-466D-940A-52CF92EE8ED7}"
EndProject
Project("{8BC9CEB8-8B4A-11D0-8D11-00A0C91BC942}") = "数组的技术盲点", "数组的技术盲点\数组的技术盲点.vcxproj", "{6DF842C6-B492-49F6-936D-B56F362C6B10}"
EndProject
Project("{8BC9CEB8-8B4A-11D0-8D11-00A0C91BC942}") = "结构体专题", "结构体专题\结构体专题.vcxproj", "{5B017284-3605-4DAC-A9D2-515B744E7B8E}"
EndProject
Project("{8BC9CEB8-8B4A-11D0-8D11-00A0C91BC942}") = "文件", "文件\文件.vcxproj", "{854A53FE-8A23-4922-9BBC-0C7CA96A6389}"
EndProject
Project("{8BC9CEB8-8B4A-11D0-8D11-00A0C91BC942}") = "文件例子", "文件例子\文件例子.vcxproj", "{CBFD69B7-FE6D-49FF-B0FE-4D5F5838DE4E}"
EndProject
Project("{8BC9CEB8-8B4A-11D0-8D11-00A0C91BC942}") = "WindowsProgramming", "WindowsProgramming\WindowsProgramming.vcxproj", "{07521FCC-8D97-4BBA-8AFD-64E0F4B22572}"
EndProject
Project("{8BC9CEB8-8B4A-11D0-8D11-00A0C91BC942}") = "文件加密", "文件加密\文件加密.vcxproj", "{3144B76C-CA5D-40FE-B896-5B734A61A7CD}"
EndProject
Project("{8BC9CEB8-8B4A-11D0-8D11-00A0C91BC942}") = "base", "base\base.vcxproj", "{EB5C31FB-A766-40CC-A315-D5BA6E7F5785}"
EndProject
Project("{8BC9CEB8-8B4A-11D0-8D11-00A0C91BC942}") = "链表", "链表\链表.vcxproj", "{6A300364-E4B7-4335-BD5D-D2162831C108}"
EndProject
Project("{2150E333-8FDC-42A3-9474-1A3956D46DE8}") = "d2t内存四大区域", "d2t内存四大区域", "{ED3E9404-1A52-41FA-86B3-BE541A583248}"
EndProject
Project("{8BC9CEB8-8B4A-11D0-8D11-00A0C91BC942}") = "2代码区", "2代码区\2代码区.vcxproj", "{78F75DD2-39D9-4B86-A471-14E93520DFB5}"
EndProject
Project("{8BC9CEB8-8B4A-11D0-8D11-00A0C91BC942}") = "2静态区", "2静态区\2静态区.vcxproj", "{8ABF159B-0C2C-4DEA-90B9-2700F06A424F}"
EndProject
Project("{8BC9CEB8-8B4A-11D0-8D11-00A0C91BC942}") = "2外挂原理", "2外挂原理\2外挂原理.vcxproj", "{8546278F-03E8-4A6E-8AB2-E2F36BA2C236}"
EndProject
Project("{8BC9CEB8-8B4A-11D0-8D11-00A0C91BC942}") = "2外挂原理注入", "2外挂原理注入\2外挂原理注入.vcxproj", "{E7671503-9B14-4020-AFC7-1D844C54F4ED}"
EndProject
Project("{8BC9CEB8-8B4A-11D0-8D11-00A0C91BC942}") = "2栈", "2栈\2栈.vcxproj", "{1F73044E-4D14-4522-8BD9-BF20FF5CA706}"
EndProject
Project("{8BC9CEB8-8B4A-11D0-8D11-00A0C91BC942}") = "FindWindow", "FindWindow\FindWindow.vcxproj", "{6D1C721D-F208-446A-918D-9C78EB23BD57}"
EndProject
Project("{8BC9CEB8-8B4A-11D0-8D11-00A0C91BC942}") = "Win32自建窗口", "Win32自建窗口\Win32自建窗口.vcxproj", "{7B2258BA-8995-40DA-885D-1DED7394B0BD}"
EndProject
Project("{2150E333-8FDC-42A3-9474-1A3956D46DE8}") = "WindowsApi", "WindowsApi", "{AC24AC04-8795-471E-BF7C-5491294637C7}"
EndProject
Project("{8BC9CEB8-8B4A-11D0-8D11-00A0C91BC942}") = "Win32Dialog", "Win32Dialog\Win32Dialog.vcxproj", "{AD8B859C-221E-463A-8803-20EF24356046}"
EndProject
Project("{8BC9CEB8-8B4A-11D0-8D11-00A0C91BC942}") = "游戏修改器", "游戏修改器\游戏修改器.vcxproj", "{3B25FFFF-ED28-4619-A005-981844B75F13}"
EndProject
Project("{8BC9CEB8-8B4A-11D0-8D11-00A0C91BC942}") = "游戏修改器测试", "游戏修改器测试\游戏修改器测试.vcxproj", "{BE506204-4A8D-4A34-AB35-54D6AC6A3285}"
EndProject
Project("{2150E333-8FDC-42A3-9474-1A3956D46DE8}") = "Solution Items", "Solution Items", "{6A681570-66DD-458C-A5C3-A85701A4ED9E}"
	ProjectSection(SolutionItems) = preProject
		README.md = README.md
	EndProjectSection
EndProject
Project("{8BC9CEB8-8B4A-11D0-8D11-00A0C91BC942}") = "WindowsProcess", "windowsDevloper\WindowsProcess\WindowsProcess.vcxproj", "{B2D03F57-A2AF-4A64-9800-2BE2F158104E}"
EndProject
Project("{8BC9CEB8-8B4A-11D0-8D11-00A0C91BC942}") = "多线程并发", "windowsDevloper\多线程并发\多线程并发.vcxproj", "{05B128BC-E53F-4D80-BE4E-BFA4926A9618}"
EndProject
Project("{8BC9CEB8-8B4A-11D0-8D11-00A0C91BC942}") = "线程挂起恢复睡眠切换", "windowsDevloper\线程挂起恢复睡眠切换\线程挂起恢复睡眠切换.vcxproj", "{07DD016E-8CA5-4981-9B70-84A80E071E8A}"
EndProject
Global
	GlobalSection(SolutionConfigurationPlatforms) = preSolution
		Debug|x64 = Debug|x64
		Debug|x86 = Debug|x86
		Release|x64 = Release|x64
		Release|x86 = Release|x86
	EndGlobalSection
	GlobalSection(ProjectConfigurationPlatforms) = postSolution
		{196D981B-B502-4318-9271-20B4144ABC84}.Debug|x64.ActiveCfg = Debug|x64
		{196D981B-B502-4318-9271-20B4144ABC84}.Debug|x64.Build.0 = Debug|x64
		{196D981B-B502-4318-9271-20B4144ABC84}.Debug|x86.ActiveCfg = Debug|Win32
		{196D981B-B502-4318-9271-20B4144ABC84}.Debug|x86.Build.0 = Debug|Win32
		{196D981B-B502-4318-9271-20B4144ABC84}.Release|x64.ActiveCfg = Release|x64
		{196D981B-B502-4318-9271-20B4144ABC84}.Release|x64.Build.0 = Release|x64
		{196D981B-B502-4318-9271-20B4144ABC84}.Release|x86.ActiveCfg = Release|Win32
		{196D981B-B502-4318-9271-20B4144ABC84}.Release|x86.Build.0 = Release|Win32
		{01F8F036-6E1A-4DD0-8AD5-4CB5F219084D}.Debug|x64.ActiveCfg = Debug|x64
		{01F8F036-6E1A-4DD0-8AD5-4CB5F219084D}.Debug|x64.Build.0 = Debug|x64
		{01F8F036-6E1A-4DD0-8AD5-4CB5F219084D}.Debug|x86.ActiveCfg = Debug|Win32
		{01F8F036-6E1A-4DD0-8AD5-4CB5F219084D}.Debug|x86.Build.0 = Debug|Win32
		{01F8F036-6E1A-4DD0-8AD5-4CB5F219084D}.Release|x64.ActiveCfg = Release|x64
		{01F8F036-6E1A-4DD0-8AD5-4CB5F219084D}.Release|x64.Build.0 = Release|x64
		{01F8F036-6E1A-4DD0-8AD5-4CB5F219084D}.Release|x86.ActiveCfg = Release|Win32
		{01F8F036-6E1A-4DD0-8AD5-4CB5F219084D}.Release|x86.Build.0 = Release|Win32
		{14F72A40-836D-4298-9D86-9D4F11BBD151}.Debug|x64.ActiveCfg = Debug|x64
		{14F72A40-836D-4298-9D86-9D4F11BBD151}.Debug|x64.Build.0 = Debug|x64
		{14F72A40-836D-4298-9D86-9D4F11BBD151}.Debug|x86.ActiveCfg = Debug|Win32
		{14F72A40-836D-4298-9D86-9D4F11BBD151}.Debug|x86.Build.0 = Debug|Win32
		{14F72A40-836D-4298-9D86-9D4F11BBD151}.Release|x64.ActiveCfg = Release|x64
		{14F72A40-836D-4298-9D86-9D4F11BBD151}.Release|x64.Build.0 = Release|x64
		{14F72A40-836D-4298-9D86-9D4F11BBD151}.Release|x86.ActiveCfg = Release|Win32
		{14F72A40-836D-4298-9D86-9D4F11BBD151}.Release|x86.Build.0 = Release|Win32
		{2C898989-37E0-4C36-ABB6-9A1BADC4E560}.Debug|x64.ActiveCfg = Debug|x64
		{2C898989-37E0-4C36-ABB6-9A1BADC4E560}.Debug|x64.Build.0 = Debug|x64
		{2C898989-37E0-4C36-ABB6-9A1BADC4E560}.Debug|x86.ActiveCfg = Debug|Win32
		{2C898989-37E0-4C36-ABB6-9A1BADC4E560}.Debug|x86.Build.0 = Debug|Win32
		{2C898989-37E0-4C36-ABB6-9A1BADC4E560}.Release|x64.ActiveCfg = Release|x64
		{2C898989-37E0-4C36-ABB6-9A1BADC4E560}.Release|x64.Build.0 = Release|x64
		{2C898989-37E0-4C36-ABB6-9A1BADC4E560}.Release|x86.ActiveCfg = Release|Win32
		{2C898989-37E0-4C36-ABB6-9A1BADC4E560}.Release|x86.Build.0 = Release|Win32
		{215B96C0-0B82-47DA-B6A0-4D5F20907220}.Debug|x64.ActiveCfg = Debug|x64
		{215B96C0-0B82-47DA-B6A0-4D5F20907220}.Debug|x64.Build.0 = Debug|x64
		{215B96C0-0B82-47DA-B6A0-4D5F20907220}.Debug|x86.ActiveCfg = Debug|Win32
		{215B96C0-0B82-47DA-B6A0-4D5F20907220}.Debug|x86.Build.0 = Debug|Win32
		{215B96C0-0B82-47DA-B6A0-4D5F20907220}.Release|x64.ActiveCfg = Release|x64
		{215B96C0-0B82-47DA-B6A0-4D5F20907220}.Release|x64.Build.0 = Release|x64
		{215B96C0-0B82-47DA-B6A0-4D5F20907220}.Release|x86.ActiveCfg = Release|Win32
		{215B96C0-0B82-47DA-B6A0-4D5F20907220}.Release|x86.Build.0 = Release|Win32
		{89338EEF-D6AE-466D-940A-52CF92EE8ED7}.Debug|x64.ActiveCfg = Debug|x64
		{89338EEF-D6AE-466D-940A-52CF92EE8ED7}.Debug|x64.Build.0 = Debug|x64
		{89338EEF-D6AE-466D-940A-52CF92EE8ED7}.Debug|x86.ActiveCfg = Debug|Win32
		{89338EEF-D6AE-466D-940A-52CF92EE8ED7}.Debug|x86.Build.0 = Debug|Win32
		{89338EEF-D6AE-466D-940A-52CF92EE8ED7}.Release|x64.ActiveCfg = Release|x64
		{89338EEF-D6AE-466D-940A-52CF92EE8ED7}.Release|x64.Build.0 = Release|x64
		{89338EEF-D6AE-466D-940A-52CF92EE8ED7}.Release|x86.ActiveCfg = Release|Win32
		{89338EEF-D6AE-466D-940A-52CF92EE8ED7}.Release|x86.Build.0 = Release|Win32
		{6DF842C6-B492-49F6-936D-B56F362C6B10}.Debug|x64.ActiveCfg = Debug|x64
		{6DF842C6-B492-49F6-936D-B56F362C6B10}.Debug|x64.Build.0 = Debug|x64
		{6DF842C6-B492-49F6-936D-B56F362C6B10}.Debug|x86.ActiveCfg = Debug|Win32
		{6DF842C6-B492-49F6-936D-B56F362C6B10}.Debug|x86.Build.0 = Debug|Win32
		{6DF842C6-B492-49F6-936D-B56F362C6B10}.Release|x64.ActiveCfg = Release|x64
		{6DF842C6-B492-49F6-936D-B56F362C6B10}.Release|x64.Build.0 = Release|x64
		{6DF842C6-B492-49F6-936D-B56F362C6B10}.Release|x86.ActiveCfg = Release|Win32
		{6DF842C6-B492-49F6-936D-B56F362C6B10}.Release|x86.Build.0 = Release|Win32
		{5B017284-3605-4DAC-A9D2-515B744E7B8E}.Debug|x64.ActiveCfg = Debug|x64
		{5B017284-3605-4DAC-A9D2-515B744E7B8E}.Debug|x64.Build.0 = Debug|x64
		{5B017284-3605-4DAC-A9D2-515B744E7B8E}.Debug|x86.ActiveCfg = Debug|Win32
		{5B017284-3605-4DAC-A9D2-515B744E7B8E}.Debug|x86.Build.0 = Debug|Win32
		{5B017284-3605-4DAC-A9D2-515B744E7B8E}.Release|x64.ActiveCfg = Release|x64
		{5B017284-3605-4DAC-A9D2-515B744E7B8E}.Release|x64.Build.0 = Release|x64
		{5B017284-3605-4DAC-A9D2-515B744E7B8E}.Release|x86.ActiveCfg = Release|Win32
		{5B017284-3605-4DAC-A9D2-515B744E7B8E}.Release|x86.Build.0 = Release|Win32
		{854A53FE-8A23-4922-9BBC-0C7CA96A6389}.Debug|x64.ActiveCfg = Debug|x64
		{854A53FE-8A23-4922-9BBC-0C7CA96A6389}.Debug|x64.Build.0 = Debug|x64
		{854A53FE-8A23-4922-9BBC-0C7CA96A6389}.Debug|x86.ActiveCfg = Debug|Win32
		{854A53FE-8A23-4922-9BBC-0C7CA96A6389}.Debug|x86.Build.0 = Debug|Win32
		{854A53FE-8A23-4922-9BBC-0C7CA96A6389}.Release|x64.ActiveCfg = Release|x64
		{854A53FE-8A23-4922-9BBC-0C7CA96A6389}.Release|x64.Build.0 = Release|x64
		{854A53FE-8A23-4922-9BBC-0C7CA96A6389}.Release|x86.ActiveCfg = Release|Win32
		{854A53FE-8A23-4922-9BBC-0C7CA96A6389}.Release|x86.Build.0 = Release|Win32
		{CBFD69B7-FE6D-49FF-B0FE-4D5F5838DE4E}.Debug|x64.ActiveCfg = Debug|x64
		{CBFD69B7-FE6D-49FF-B0FE-4D5F5838DE4E}.Debug|x64.Build.0 = Debug|x64
		{CBFD69B7-FE6D-49FF-B0FE-4D5F5838DE4E}.Debug|x86.ActiveCfg = Debug|Win32
		{CBFD69B7-FE6D-49FF-B0FE-4D5F5838DE4E}.Debug|x86.Build.0 = Debug|Win32
		{CBFD69B7-FE6D-49FF-B0FE-4D5F5838DE4E}.Release|x64.ActiveCfg = Release|x64
		{CBFD69B7-FE6D-49FF-B0FE-4D5F5838DE4E}.Release|x64.Build.0 = Release|x64
		{CBFD69B7-FE6D-49FF-B0FE-4D5F5838DE4E}.Release|x86.ActiveCfg = Release|Win32
		{CBFD69B7-FE6D-49FF-B0FE-4D5F5838DE4E}.Release|x86.Build.0 = Release|Win32
		{07521FCC-8D97-4BBA-8AFD-64E0F4B22572}.Debug|x64.ActiveCfg = Debug|x64
		{07521FCC-8D97-4BBA-8AFD-64E0F4B22572}.Debug|x64.Build.0 = Debug|x64
		{07521FCC-8D97-4BBA-8AFD-64E0F4B22572}.Debug|x86.ActiveCfg = Debug|Win32
		{07521FCC-8D97-4BBA-8AFD-64E0F4B22572}.Debug|x86.Build.0 = Debug|Win32
		{07521FCC-8D97-4BBA-8AFD-64E0F4B22572}.Release|x64.ActiveCfg = Release|x64
		{07521FCC-8D97-4BBA-8AFD-64E0F4B22572}.Release|x64.Build.0 = Release|x64
		{07521FCC-8D97-4BBA-8AFD-64E0F4B22572}.Release|x86.ActiveCfg = Release|Win32
		{07521FCC-8D97-4BBA-8AFD-64E0F4B22572}.Release|x86.Build.0 = Release|Win32
		{3144B76C-CA5D-40FE-B896-5B734A61A7CD}.Debug|x64.ActiveCfg = Debug|x64
		{3144B76C-CA5D-40FE-B896-5B734A61A7CD}.Debug|x64.Build.0 = Debug|x64
		{3144B76C-CA5D-40FE-B896-5B734A61A7CD}.Debug|x86.ActiveCfg = Debug|Win32
		{3144B76C-CA5D-40FE-B896-5B734A61A7CD}.Debug|x86.Build.0 = Debug|Win32
		{3144B76C-CA5D-40FE-B896-5B734A61A7CD}.Release|x64.ActiveCfg = Release|x64
		{3144B76C-CA5D-40FE-B896-5B734A61A7CD}.Release|x64.Build.0 = Release|x64
		{3144B76C-CA5D-40FE-B896-5B734A61A7CD}.Release|x86.ActiveCfg = Release|Win32
		{3144B76C-CA5D-40FE-B896-5B734A61A7CD}.Release|x86.Build.0 = Release|Win32
		{EB5C31FB-A766-40CC-A315-D5BA6E7F5785}.Debug|x64.ActiveCfg = Debug|x64
		{EB5C31FB-A766-40CC-A315-D5BA6E7F5785}.Debug|x64.Build.0 = Debug|x64
		{EB5C31FB-A766-40CC-A315-D5BA6E7F5785}.Debug|x86.ActiveCfg = Debug|Win32
		{EB5C31FB-A766-40CC-A315-D5BA6E7F5785}.Debug|x86.Build.0 = Debug|Win32
		{EB5C31FB-A766-40CC-A315-D5BA6E7F5785}.Release|x64.ActiveCfg = Release|x64
		{EB5C31FB-A766-40CC-A315-D5BA6E7F5785}.Release|x64.Build.0 = Release|x64
		{EB5C31FB-A766-40CC-A315-D5BA6E7F5785}.Release|x86.ActiveCfg = Release|Win32
		{EB5C31FB-A766-40CC-A315-D5BA6E7F5785}.Release|x86.Build.0 = Release|Win32
		{6A300364-E4B7-4335-BD5D-D2162831C108}.Debug|x64.ActiveCfg = Debug|x64
		{6A300364-E4B7-4335-BD5D-D2162831C108}.Debug|x64.Build.0 = Debug|x64
		{6A300364-E4B7-4335-BD5D-D2162831C108}.Debug|x86.ActiveCfg = Debug|Win32
		{6A300364-E4B7-4335-BD5D-D2162831C108}.Debug|x86.Build.0 = Debug|Win32
		{6A300364-E4B7-4335-BD5D-D2162831C108}.Release|x64.ActiveCfg = Release|x64
		{6A300364-E4B7-4335-BD5D-D2162831C108}.Release|x64.Build.0 = Release|x64
		{6A300364-E4B7-4335-BD5D-D2162831C108}.Release|x86.ActiveCfg = Release|Win32
		{6A300364-E4B7-4335-BD5D-D2162831C108}.Release|x86.Build.0 = Release|Win32
		{78F75DD2-39D9-4B86-A471-14E93520DFB5}.Debug|x64.ActiveCfg = Debug|x64
		{78F75DD2-39D9-4B86-A471-14E93520DFB5}.Debug|x64.Build.0 = Debug|x64
		{78F75DD2-39D9-4B86-A471-14E93520DFB5}.Debug|x86.ActiveCfg = Debug|Win32
		{78F75DD2-39D9-4B86-A471-14E93520DFB5}.Debug|x86.Build.0 = Debug|Win32
		{78F75DD2-39D9-4B86-A471-14E93520DFB5}.Release|x64.ActiveCfg = Release|x64
		{78F75DD2-39D9-4B86-A471-14E93520DFB5}.Release|x64.Build.0 = Release|x64
		{78F75DD2-39D9-4B86-A471-14E93520DFB5}.Release|x86.ActiveCfg = Release|Win32
		{78F75DD2-39D9-4B86-A471-14E93520DFB5}.Release|x86.Build.0 = Release|Win32
		{8ABF159B-0C2C-4DEA-90B9-2700F06A424F}.Debug|x64.ActiveCfg = Debug|x64
		{8ABF159B-0C2C-4DEA-90B9-2700F06A424F}.Debug|x64.Build.0 = Debug|x64
		{8ABF159B-0C2C-4DEA-90B9-2700F06A424F}.Debug|x86.ActiveCfg = Debug|Win32
		{8ABF159B-0C2C-4DEA-90B9-2700F06A424F}.Debug|x86.Build.0 = Debug|Win32
		{8ABF159B-0C2C-4DEA-90B9-2700F06A424F}.Release|x64.ActiveCfg = Release|x64
		{8ABF159B-0C2C-4DEA-90B9-2700F06A424F}.Release|x64.Build.0 = Release|x64
		{8ABF159B-0C2C-4DEA-90B9-2700F06A424F}.Release|x86.ActiveCfg = Release|Win32
		{8ABF159B-0C2C-4DEA-90B9-2700F06A424F}.Release|x86.Build.0 = Release|Win32
		{8546278F-03E8-4A6E-8AB2-E2F36BA2C236}.Debug|x64.ActiveCfg = Debug|x64
		{8546278F-03E8-4A6E-8AB2-E2F36BA2C236}.Debug|x64.Build.0 = Debug|x64
		{8546278F-03E8-4A6E-8AB2-E2F36BA2C236}.Debug|x86.ActiveCfg = Debug|Win32
		{8546278F-03E8-4A6E-8AB2-E2F36BA2C236}.Debug|x86.Build.0 = Debug|Win32
		{8546278F-03E8-4A6E-8AB2-E2F36BA2C236}.Release|x64.ActiveCfg = Release|x64
		{8546278F-03E8-4A6E-8AB2-E2F36BA2C236}.Release|x64.Build.0 = Release|x64
		{8546278F-03E8-4A6E-8AB2-E2F36BA2C236}.Release|x86.ActiveCfg = Release|Win32
		{8546278F-03E8-4A6E-8AB2-E2F36BA2C236}.Release|x86.Build.0 = Release|Win32
		{E7671503-9B14-4020-AFC7-1D844C54F4ED}.Debug|x64.ActiveCfg = Debug|x64
		{E7671503-9B14-4020-AFC7-1D844C54F4ED}.Debug|x64.Build.0 = Debug|x64
		{E7671503-9B14-4020-AFC7-1D844C54F4ED}.Debug|x86.ActiveCfg = Debug|Win32
		{E7671503-9B14-4020-AFC7-1D844C54F4ED}.Debug|x86.Build.0 = Debug|Win32
		{E7671503-9B14-4020-AFC7-1D844C54F4ED}.Release|x64.ActiveCfg = Release|x64
		{E7671503-9B14-4020-AFC7-1D844C54F4ED}.Release|x64.Build.0 = Release|x64
		{E7671503-9B14-4020-AFC7-1D844C54F4ED}.Release|x86.ActiveCfg = Release|Win32
		{E7671503-9B14-4020-AFC7-1D844C54F4ED}.Release|x86.Build.0 = Release|Win32
		{1F73044E-4D14-4522-8BD9-BF20FF5CA706}.Debug|x64.ActiveCfg = Debug|x64
		{1F73044E-4D14-4522-8BD9-BF20FF5CA706}.Debug|x64.Build.0 = Debug|x64
		{1F73044E-4D14-4522-8BD9-BF20FF5CA706}.Debug|x86.ActiveCfg = Debug|Win32
		{1F73044E-4D14-4522-8BD9-BF20FF5CA706}.Debug|x86.Build.0 = Debug|Win32
		{1F73044E-4D14-4522-8BD9-BF20FF5CA706}.Release|x64.ActiveCfg = Release|x64
		{1F73044E-4D14-4522-8BD9-BF20FF5CA706}.Release|x64.Build.0 = Release|x64
		{1F73044E-4D14-4522-8BD9-BF20FF5CA706}.Release|x86.ActiveCfg = Release|Win32
		{1F73044E-4D14-4522-8BD9-BF20FF5CA706}.Release|x86.Build.0 = Release|Win32
		{6D1C721D-F208-446A-918D-9C78EB23BD57}.Debug|x64.ActiveCfg = Debug|x64
		{6D1C721D-F208-446A-918D-9C78EB23BD57}.Debug|x64.Build.0 = Debug|x64
		{6D1C721D-F208-446A-918D-9C78EB23BD57}.Debug|x86.ActiveCfg = Debug|Win32
		{6D1C721D-F208-446A-918D-9C78EB23BD57}.Debug|x86.Build.0 = Debug|Win32
		{6D1C721D-F208-446A-918D-9C78EB23BD57}.Release|x64.ActiveCfg = Release|x64
		{6D1C721D-F208-446A-918D-9C78EB23BD57}.Release|x64.Build.0 = Release|x64
		{6D1C721D-F208-446A-918D-9C78EB23BD57}.Release|x86.ActiveCfg = Release|Win32
		{6D1C721D-F208-446A-918D-9C78EB23BD57}.Release|x86.Build.0 = Release|Win32
		{7B2258BA-8995-40DA-885D-1DED7394B0BD}.Debug|x64.ActiveCfg = Debug|x64
		{7B2258BA-8995-40DA-885D-1DED7394B0BD}.Debug|x64.Build.0 = Debug|x64
		{7B2258BA-8995-40DA-885D-1DED7394B0BD}.Debug|x86.ActiveCfg = Debug|Win32
		{7B2258BA-8995-40DA-885D-1DED7394B0BD}.Debug|x86.Build.0 = Debug|Win32
		{7B2258BA-8995-40DA-885D-1DED7394B0BD}.Release|x64.ActiveCfg = Release|x64
		{7B2258BA-8995-40DA-885D-1DED7394B0BD}.Release|x64.Build.0 = Release|x64
		{7B2258BA-8995-40DA-885D-1DED7394B0BD}.Release|x86.ActiveCfg = Release|Win32
		{7B2258BA-8995-40DA-885D-1DED7394B0BD}.Release|x86.Build.0 = Release|Win32
		{AD8B859C-221E-463A-8803-20EF24356046}.Debug|x64.ActiveCfg = Debug|x64
		{AD8B859C-221E-463A-8803-20EF24356046}.Debug|x64.Build.0 = Debug|x64
		{AD8B859C-221E-463A-8803-20EF24356046}.Debug|x86.ActiveCfg = Debug|Win32
		{AD8B859C-221E-463A-8803-20EF24356046}.Debug|x86.Build.0 = Debug|Win32
		{AD8B859C-221E-463A-8803-20EF24356046}.Release|x64.ActiveCfg = Release|x64
		{AD8B859C-221E-463A-8803-20EF24356046}.Release|x64.Build.0 = Release|x64
		{AD8B859C-221E-463A-8803-20EF24356046}.Release|x86.ActiveCfg = Release|Win32
		{AD8B859C-221E-463A-8803-20EF24356046}.Release|x86.Build.0 = Release|Win32
		{3B25FFFF-ED28-4619-A005-981844B75F13}.Debug|x64.ActiveCfg = Debug|x64
		{3B25FFFF-ED28-4619-A005-981844B75F13}.Debug|x64.Build.0 = Debug|x64
		{3B25FFFF-ED28-4619-A005-981844B75F13}.Debug|x86.ActiveCfg = Debug|Win32
		{3B25FFFF-ED28-4619-A005-981844B75F13}.Debug|x86.Build.0 = Debug|Win32
		{3B25FFFF-ED28-4619-A005-981844B75F13}.Release|x64.ActiveCfg = Release|x64
		{3B25FFFF-ED28-4619-A005-981844B75F13}.Release|x64.Build.0 = Release|x64
		{3B25FFFF-ED28-4619-A005-981844B75F13}.Release|x86.ActiveCfg = Release|Win32
		{3B25FFFF-ED28-4619-A005-981844B75F13}.Release|x86.Build.0 = Release|Win32
		{BE506204-4A8D-4A34-AB35-54D6AC6A3285}.Debug|x64.ActiveCfg = Debug|x64
		{BE506204-4A8D-4A34-AB35-54D6AC6A3285}.Debug|x64.Build.0 = Debug|x64
		{BE506204-4A8D-4A34-AB35-54D6AC6A3285}.Debug|x86.ActiveCfg = Debug|Win32
		{BE506204-4A8D-4A34-AB35-54D6AC6A3285}.Debug|x86.Build.0 = Debug|Win32
		{BE506204-4A8D-4A34-AB35-54D6AC6A3285}.Release|x64.ActiveCfg = Release|x64
		{BE506204-4A8D-4A34-AB35-54D6AC6A3285}.Release|x64.Build.0 = Release|x64
		{BE506204-4A8D-4A34-AB35-54D6AC6A3285}.Release|x86.ActiveCfg = Release|Win32
		{BE506204-4A8D-4A34-AB35-54D6AC6A3285}.Release|x86.Build.0 = Release|Win32
		{B2D03F57-A2AF-4A64-9800-2BE2F158104E}.Debug|x64.ActiveCfg = Debug|x64
		{B2D03F57-A2AF-4A64-9800-2BE2F158104E}.Debug|x64.Build.0 = Debug|x64
		{B2D03F57-A2AF-4A64-9800-2BE2F158104E}.Debug|x86.ActiveCfg = Debug|Win32
		{B2D03F57-A2AF-4A64-9800-2BE2F158104E}.Debug|x86.Build.0 = Debug|Win32
		{B2D03F57-A2AF-4A64-9800-2BE2F158104E}.Release|x64.ActiveCfg = Release|x64
		{B2D03F57-A2AF-4A64-9800-2BE2F158104E}.Release|x64.Build.0 = Release|x64
		{B2D03F57-A2AF-4A64-9800-2BE2F158104E}.Release|x86.ActiveCfg = Release|Win32
		{B2D03F57-A2AF-4A64-9800-2BE2F158104E}.Release|x86.Build.0 = Release|Win32
		{05B128BC-E53F-4D80-BE4E-BFA4926A9618}.Debug|x64.ActiveCfg = Debug|x64
		{05B128BC-E53F-4D80-BE4E-BFA4926A9618}.Debug|x64.Build.0 = Debug|x64
		{05B128BC-E53F-4D80-BE4E-BFA4926A9618}.Debug|x86.ActiveCfg = Debug|Win32
		{05B128BC-E53F-4D80-BE4E-BFA4926A9618}.Debug|x86.Build.0 = Debug|Win32
		{05B128BC-E53F-4D80-BE4E-BFA4926A9618}.Release|x64.ActiveCfg = Release|x64
		{05B128BC-E53F-4D80-BE4E-BFA4926A9618}.Release|x64.Build.0 = Release|x64
		{05B128BC-E53F-4D80-BE4E-BFA4926A9618}.Release|x86.ActiveCfg = Release|Win32
		{05B128BC-E53F-4D80-BE4E-BFA4926A9618}.Release|x86.Build.0 = Release|Win32
		{07DD016E-8CA5-4981-9B70-84A80E071E8A}.Debug|x64.ActiveCfg = Debug|x64
		{07DD016E-8CA5-4981-9B70-84A80E071E8A}.Debug|x64.Build.0 = Debug|x64
		{07DD016E-8CA5-4981-9B70-84A80E071E8A}.Debug|x86.ActiveCfg = Debug|Win32
		{07DD016E-8CA5-4981-9B70-84A80E071E8A}.Debug|x86.Build.0 = Debug|Win32
		{07DD016E-8CA5-4981-9B70-84A80E071E8A}.Release|x64.ActiveCfg = Release|x64
		{07DD016E-8CA5-4981-9B70-84A80E071E8A}.Release|x64.Build.0 = Release|x64
		{07DD016E-8CA5-4981-9B70-84A80E071E8A}.Release|x86.ActiveCfg = Release|Win32
		{07DD016E-8CA5-4981-9B70-84A80E071E8A}.Release|x86.Build.0 = Release|Win32
	EndGlobalSection
	GlobalSection(SolutionProperties) = preSolution
		HideSolutionNode = FALSE
	EndGlobalSection
	GlobalSection(NestedProjects) = preSolution
		{07521FCC-8D97-4BBA-8AFD-64E0F4B22572} = {AC24AC04-8795-471E-BF7C-5491294637C7}
		{78F75DD2-39D9-4B86-A471-14E93520DFB5} = {ED3E9404-1A52-41FA-86B3-BE541A583248}
		{8ABF159B-0C2C-4DEA-90B9-2700F06A424F} = {ED3E9404-1A52-41FA-86B3-BE541A583248}
		{8546278F-03E8-4A6E-8AB2-E2F36BA2C236} = {ED3E9404-1A52-41FA-86B3-BE541A583248}
		{E7671503-9B14-4020-AFC7-1D844C54F4ED} = {ED3E9404-1A52-41FA-86B3-BE541A583248}
		{1F73044E-4D14-4522-8BD9-BF20FF5CA706} = {ED3E9404-1A52-41FA-86B3-BE541A583248}
		{6D1C721D-F208-446A-918D-9C78EB23BD57} = {AC24AC04-8795-471E-BF7C-5491294637C7}
		{7B2258BA-8995-40DA-885D-1DED7394B0BD} = {AC24AC04-8795-471E-BF7C-5491294637C7}
		{AD8B859C-221E-463A-8803-20EF24356046} = {AC24AC04-8795-471E-BF7C-5491294637C7}
		{3B25FFFF-ED28-4619-A005-981844B75F13} = {AC24AC04-8795-471E-BF7C-5491294637C7}
		{BE506204-4A8D-4A34-AB35-54D6AC6A3285} = {AC24AC04-8795-471E-BF7C-5491294637C7}
		{B2D03F57-A2AF-4A64-9800-2BE2F158104E} = {AC24AC04-8795-471E-BF7C-5491294637C7}
		{05B128BC-E53F-4D80-BE4E-BFA4926A9618} = {AC24AC04-8795-471E-BF7C-5491294637C7}
		{07DD016E-8CA5-4981-9B70-84A80E071E8A} = {AC24AC04-8795-471E-BF7C-5491294637C7}
	EndGlobalSection
EndGlobal
