
Microsoft Visual Studio Solution File, Format Version 12.00
# Visual Studio 14
VisualStudioVersion = 14.0.25420.1
MinimumVisualStudioVersion = 10.0.40219.1
Project("{2150E333-8FDC-42A3-9474-1A3956D46DE8}") = "doc", "doc", "{6A681570-66DD-458C-A5C3-A85701A4ED9E}"
	ProjectSection(SolutionItems) = preProject
		README.md = README.md
		STUDY.md = STUDY.md
	EndProjectSection
EndProject
Project("{2150E333-8FDC-42A3-9474-1A3956D46DE8}") = "game", "game", "{C0BAD7B7-4B1E-492E-9B19-4A7983B7BA8D}"
EndProject
Project("{2150E333-8FDC-42A3-9474-1A3956D46DE8}") = "clang", "clang", "{4CB40242-0746-433F-B31F-792FD0A57576}"
EndProject
Project("{8BC9CEB8-8B4A-11D0-8D11-00A0C91BC942}") = "指针专题", "clang\指针专题\指针专题.vcxproj", "{89338EEF-D6AE-466D-940A-52CF92EE8ED7}"
EndProject
Project("{8BC9CEB8-8B4A-11D0-8D11-00A0C91BC942}") = "链表", "clang\链表\链表.vcxproj", "{E00AC129-B979-4CC7-A2B4-689D57E2DC8E}"
EndProject
Project("{8BC9CEB8-8B4A-11D0-8D11-00A0C91BC942}") = "数组的技术盲点", "clang\数组的技术盲点\数组的技术盲点.vcxproj", "{BD8B91A3-4253-48A1-9AF3-FA961F52753F}"
EndProject
Project("{8BC9CEB8-8B4A-11D0-8D11-00A0C91BC942}") = "文件", "clang\文件\文件.vcxproj", "{210F9028-FE9D-4A15-A7B9-D5BA466AC5CB}"
EndProject
Project("{8BC9CEB8-8B4A-11D0-8D11-00A0C91BC942}") = "文件加密", "clang\文件加密\文件加密.vcxproj", "{58F04DF0-3548-4EF9-B13A-6686FC1EA0FC}"
EndProject
Project("{8BC9CEB8-8B4A-11D0-8D11-00A0C91BC942}") = "文件例子", "clang\文件例子\文件例子.vcxproj", "{28F215B7-EC57-47B7-AB1F-1AD5FB0246D2}"
EndProject
Project("{8BC9CEB8-8B4A-11D0-8D11-00A0C91BC942}") = "指针铁律1", "clang\指针铁律1\指针铁律1.vcxproj", "{AF2C9F94-3FE3-41D5-8724-46084EDADE52}"
EndProject
Project("{8BC9CEB8-8B4A-11D0-8D11-00A0C91BC942}") = "指针铁律2", "clang\指针铁律2\指针铁律2.vcxproj", "{97AF3489-2990-419D-8B3E-E6D24665D0D4}"
EndProject
Project("{8BC9CEB8-8B4A-11D0-8D11-00A0C91BC942}") = "字符字符串字符数组", "clang\字符字符串字符数组\字符字符串字符数组.vcxproj", "{2F2B1A06-B977-4198-B831-C8ED3E2C90C1}"
EndProject
Project("{8BC9CEB8-8B4A-11D0-8D11-00A0C91BC942}") = "const专题", "clang\const专题\const专题.vcxproj", "{CC5CFF5C-6DF3-4AE2-9246-EBD51BFC2E46}"
EndProject
Project("{8BC9CEB8-8B4A-11D0-8D11-00A0C91BC942}") = "d1t", "clang\d1t\d1t.vcxproj", "{4B9AD643-36D9-4E89-BC96-A8AB44DA09F2}"
EndProject
Project("{8BC9CEB8-8B4A-11D0-8D11-00A0C91BC942}") = "question", "clang\question\question.vcxproj", "{87237E10-310C-410D-8729-5E6BF43FAD38}"
EndProject
Project("{2150E333-8FDC-42A3-9474-1A3956D46DE8}") = "windowsDevloper", "windowsDevloper", "{5AD7B237-FBD5-415C-A81B-DC1765020725}"
EndProject
Project("{8BC9CEB8-8B4A-11D0-8D11-00A0C91BC942}") = "FindWindow", "windowsDevloper\FindWindow\FindWindow.vcxproj", "{6D1C721D-F208-446A-918D-9C78EB23BD57}"
EndProject
Project("{8BC9CEB8-8B4A-11D0-8D11-00A0C91BC942}") = "Win32Dialog", "windowsDevloper\Win32Dialog\Win32Dialog.vcxproj", "{AD8B859C-221E-463A-8803-20EF24356046}"
EndProject
Project("{8BC9CEB8-8B4A-11D0-8D11-00A0C91BC942}") = "Win32自建窗口", "windowsDevloper\Win32自建窗口\Win32自建窗口.vcxproj", "{7B2258BA-8995-40DA-885D-1DED7394B0BD}"
EndProject
Project("{8BC9CEB8-8B4A-11D0-8D11-00A0C91BC942}") = "WindowsProcess", "windowsDevloper\WindowsProcess\WindowsProcess.vcxproj", "{B2D03F57-A2AF-4A64-9800-2BE2F158104E}"
EndProject
Project("{8BC9CEB8-8B4A-11D0-8D11-00A0C91BC942}") = "WindowsProgramming", "windowsDevloper\WindowsProgramming\WindowsProgramming.vcxproj", "{07521FCC-8D97-4BBA-8AFD-64E0F4B22572}"
EndProject
Project("{8BC9CEB8-8B4A-11D0-8D11-00A0C91BC942}") = "多线程并发", "windowsDevloper\多线程并发\多线程并发.vcxproj", "{05B128BC-E53F-4D80-BE4E-BFA4926A9618}"
EndProject
Project("{8BC9CEB8-8B4A-11D0-8D11-00A0C91BC942}") = "线程挂起恢复睡眠切换", "windowsDevloper\线程挂起恢复睡眠切换\线程挂起恢复睡眠切换.vcxproj", "{07DD016E-8CA5-4981-9B70-84A80E071E8A}"
EndProject
Project("{8BC9CEB8-8B4A-11D0-8D11-00A0C91BC942}") = "线程同步", "windowsDevloper\线程同步\线程同步.vcxproj", "{BB40443F-9697-447D-919B-D73C60BD28B9}"
EndProject
Project("{8BC9CEB8-8B4A-11D0-8D11-00A0C91BC942}") = "线程同步InterLocked", "windowsDevloper\线程同步InterLocked\线程同步InterLocked.vcxproj", "{7E7C64FA-5DFC-4441-BB0A-8A85A5D0517C}"
EndProject
Project("{8BC9CEB8-8B4A-11D0-8D11-00A0C91BC942}") = "游戏修改器", "windowsDevloper\游戏修改器\游戏修改器.vcxproj", "{CF8FCBBA-0C5B-4DA9-8FE4-6C66193F1235}"
EndProject
Project("{8BC9CEB8-8B4A-11D0-8D11-00A0C91BC942}") = "游戏修改器测试", "windowsDevloper\游戏修改器测试\游戏修改器测试.vcxproj", "{86498C91-4834-43FA-86DF-9070F0F75DC6}"
EndProject
Project("{2150E333-8FDC-42A3-9474-1A3956D46DE8}") = "clangAdvanced", "clangAdvanced", "{97F8EB3C-595F-49EA-9716-43779B35E5AA}"
EndProject
Project("{8BC9CEB8-8B4A-11D0-8D11-00A0C91BC942}") = "2代码区", "clangAdvanced\2代码区\2代码区.vcxproj", "{78F75DD2-39D9-4B86-A471-14E93520DFB5}"
EndProject
Project("{2150E333-8FDC-42A3-9474-1A3956D46DE8}") = "cplusplus", "cplusplus", "{6DAD5EE6-0497-445F-81BE-F7331B151551}"
EndProject
Project("{8BC9CEB8-8B4A-11D0-8D11-00A0C91BC942}") = "base", "clang\base\base.vcxproj", "{D5A62920-B393-4B95-8AE6-0BE75C5B5260}"
EndProject
Project("{8BC9CEB8-8B4A-11D0-8D11-00A0C91BC942}") = "base", "cplusplus\base\base.vcxproj", "{7AF1ACED-2105-48F7-A56A-EDE3894CA720}"
EndProject
Project("{8BC9CEB8-8B4A-11D0-8D11-00A0C91BC942}") = "mystring", "cplusplus\mystring\mystring.vcxproj", "{09CC1698-DF71-4765-BC41-20747AED1E77}"
EndProject
Project("{8BC9CEB8-8B4A-11D0-8D11-00A0C91BC942}") = "commandLine", "windowsDevloper\commandLine\commandLine.vcxproj", "{A03F2550-0767-4C93-A6D1-530B8922395A}"
EndProject
Project("{2150E333-8FDC-42A3-9474-1A3956D46DE8}") = "studyc", "studyc", "{6D96DDE2-244C-44A2-A499-54D217574D45}"
EndProject
Project("{8BC9CEB8-8B4A-11D0-8D11-00A0C91BC942}") = "100", "studyc\100\100.vcxproj", "{10273C45-00CD-4B1B-BF63-D75A17C95948}"
EndProject
Project("{8BC9CEB8-8B4A-11D0-8D11-00A0C91BC942}") = "数据分离", "studyc\数据分离\数据分离.vcxproj", "{CB373CB0-2BA8-40F9-B54D-56D3CB63D5F0}"
EndProject
Project("{8BC9CEB8-8B4A-11D0-8D11-00A0C91BC942}") = "数组长度", "clang\数组长度\数组长度.vcxproj", "{96DB4D1A-CD36-405F-9E33-156A314007DA}"
EndProject
Project("{8BC9CEB8-8B4A-11D0-8D11-00A0C91BC942}") = "enum", "clang\enum\enum.vcxproj", "{B872E80D-8924-4CD3-BD5C-7ABD44127804}"
EndProject
Global
	GlobalSection(SolutionConfigurationPlatforms) = preSolution
		Debug|x64 = Debug|x64
		Debug|x86 = Debug|x86
		Release|x64 = Release|x64
		Release|x86 = Release|x86
	EndGlobalSection
	GlobalSection(ProjectConfigurationPlatforms) = postSolution
		{89338EEF-D6AE-466D-940A-52CF92EE8ED7}.Debug|x64.ActiveCfg = Debug|x64
		{89338EEF-D6AE-466D-940A-52CF92EE8ED7}.Debug|x64.Build.0 = Debug|x64
		{89338EEF-D6AE-466D-940A-52CF92EE8ED7}.Debug|x86.ActiveCfg = Debug|Win32
		{89338EEF-D6AE-466D-940A-52CF92EE8ED7}.Debug|x86.Build.0 = Debug|Win32
		{89338EEF-D6AE-466D-940A-52CF92EE8ED7}.Release|x64.ActiveCfg = Release|x64
		{89338EEF-D6AE-466D-940A-52CF92EE8ED7}.Release|x64.Build.0 = Release|x64
		{89338EEF-D6AE-466D-940A-52CF92EE8ED7}.Release|x86.ActiveCfg = Release|Win32
		{89338EEF-D6AE-466D-940A-52CF92EE8ED7}.Release|x86.Build.0 = Release|Win32
		{E00AC129-B979-4CC7-A2B4-689D57E2DC8E}.Debug|x64.ActiveCfg = Debug|x64
		{E00AC129-B979-4CC7-A2B4-689D57E2DC8E}.Debug|x64.Build.0 = Debug|x64
		{E00AC129-B979-4CC7-A2B4-689D57E2DC8E}.Debug|x86.ActiveCfg = Debug|Win32
		{E00AC129-B979-4CC7-A2B4-689D57E2DC8E}.Debug|x86.Build.0 = Debug|Win32
		{E00AC129-B979-4CC7-A2B4-689D57E2DC8E}.Release|x64.ActiveCfg = Release|x64
		{E00AC129-B979-4CC7-A2B4-689D57E2DC8E}.Release|x64.Build.0 = Release|x64
		{E00AC129-B979-4CC7-A2B4-689D57E2DC8E}.Release|x86.ActiveCfg = Release|Win32
		{E00AC129-B979-4CC7-A2B4-689D57E2DC8E}.Release|x86.Build.0 = Release|Win32
		{BD8B91A3-4253-48A1-9AF3-FA961F52753F}.Debug|x64.ActiveCfg = Debug|x64
		{BD8B91A3-4253-48A1-9AF3-FA961F52753F}.Debug|x64.Build.0 = Debug|x64
		{BD8B91A3-4253-48A1-9AF3-FA961F52753F}.Debug|x86.ActiveCfg = Debug|Win32
		{BD8B91A3-4253-48A1-9AF3-FA961F52753F}.Debug|x86.Build.0 = Debug|Win32
		{BD8B91A3-4253-48A1-9AF3-FA961F52753F}.Release|x64.ActiveCfg = Release|x64
		{BD8B91A3-4253-48A1-9AF3-FA961F52753F}.Release|x64.Build.0 = Release|x64
		{BD8B91A3-4253-48A1-9AF3-FA961F52753F}.Release|x86.ActiveCfg = Release|Win32
		{BD8B91A3-4253-48A1-9AF3-FA961F52753F}.Release|x86.Build.0 = Release|Win32
		{210F9028-FE9D-4A15-A7B9-D5BA466AC5CB}.Debug|x64.ActiveCfg = Debug|x64
		{210F9028-FE9D-4A15-A7B9-D5BA466AC5CB}.Debug|x64.Build.0 = Debug|x64
		{210F9028-FE9D-4A15-A7B9-D5BA466AC5CB}.Debug|x86.ActiveCfg = Debug|Win32
		{210F9028-FE9D-4A15-A7B9-D5BA466AC5CB}.Debug|x86.Build.0 = Debug|Win32
		{210F9028-FE9D-4A15-A7B9-D5BA466AC5CB}.Release|x64.ActiveCfg = Release|x64
		{210F9028-FE9D-4A15-A7B9-D5BA466AC5CB}.Release|x64.Build.0 = Release|x64
		{210F9028-FE9D-4A15-A7B9-D5BA466AC5CB}.Release|x86.ActiveCfg = Release|Win32
		{210F9028-FE9D-4A15-A7B9-D5BA466AC5CB}.Release|x86.Build.0 = Release|Win32
		{58F04DF0-3548-4EF9-B13A-6686FC1EA0FC}.Debug|x64.ActiveCfg = Debug|x64
		{58F04DF0-3548-4EF9-B13A-6686FC1EA0FC}.Debug|x64.Build.0 = Debug|x64
		{58F04DF0-3548-4EF9-B13A-6686FC1EA0FC}.Debug|x86.ActiveCfg = Debug|Win32
		{58F04DF0-3548-4EF9-B13A-6686FC1EA0FC}.Debug|x86.Build.0 = Debug|Win32
		{58F04DF0-3548-4EF9-B13A-6686FC1EA0FC}.Release|x64.ActiveCfg = Release|x64
		{58F04DF0-3548-4EF9-B13A-6686FC1EA0FC}.Release|x64.Build.0 = Release|x64
		{58F04DF0-3548-4EF9-B13A-6686FC1EA0FC}.Release|x86.ActiveCfg = Release|Win32
		{58F04DF0-3548-4EF9-B13A-6686FC1EA0FC}.Release|x86.Build.0 = Release|Win32
		{28F215B7-EC57-47B7-AB1F-1AD5FB0246D2}.Debug|x64.ActiveCfg = Debug|x64
		{28F215B7-EC57-47B7-AB1F-1AD5FB0246D2}.Debug|x64.Build.0 = Debug|x64
		{28F215B7-EC57-47B7-AB1F-1AD5FB0246D2}.Debug|x86.ActiveCfg = Debug|Win32
		{28F215B7-EC57-47B7-AB1F-1AD5FB0246D2}.Debug|x86.Build.0 = Debug|Win32
		{28F215B7-EC57-47B7-AB1F-1AD5FB0246D2}.Release|x64.ActiveCfg = Release|x64
		{28F215B7-EC57-47B7-AB1F-1AD5FB0246D2}.Release|x64.Build.0 = Release|x64
		{28F215B7-EC57-47B7-AB1F-1AD5FB0246D2}.Release|x86.ActiveCfg = Release|Win32
		{28F215B7-EC57-47B7-AB1F-1AD5FB0246D2}.Release|x86.Build.0 = Release|Win32
		{AF2C9F94-3FE3-41D5-8724-46084EDADE52}.Debug|x64.ActiveCfg = Debug|x64
		{AF2C9F94-3FE3-41D5-8724-46084EDADE52}.Debug|x64.Build.0 = Debug|x64
		{AF2C9F94-3FE3-41D5-8724-46084EDADE52}.Debug|x86.ActiveCfg = Debug|Win32
		{AF2C9F94-3FE3-41D5-8724-46084EDADE52}.Debug|x86.Build.0 = Debug|Win32
		{AF2C9F94-3FE3-41D5-8724-46084EDADE52}.Release|x64.ActiveCfg = Release|x64
		{AF2C9F94-3FE3-41D5-8724-46084EDADE52}.Release|x64.Build.0 = Release|x64
		{AF2C9F94-3FE3-41D5-8724-46084EDADE52}.Release|x86.ActiveCfg = Release|Win32
		{AF2C9F94-3FE3-41D5-8724-46084EDADE52}.Release|x86.Build.0 = Release|Win32
		{97AF3489-2990-419D-8B3E-E6D24665D0D4}.Debug|x64.ActiveCfg = Debug|x64
		{97AF3489-2990-419D-8B3E-E6D24665D0D4}.Debug|x64.Build.0 = Debug|x64
		{97AF3489-2990-419D-8B3E-E6D24665D0D4}.Debug|x86.ActiveCfg = Debug|Win32
		{97AF3489-2990-419D-8B3E-E6D24665D0D4}.Debug|x86.Build.0 = Debug|Win32
		{97AF3489-2990-419D-8B3E-E6D24665D0D4}.Release|x64.ActiveCfg = Release|x64
		{97AF3489-2990-419D-8B3E-E6D24665D0D4}.Release|x64.Build.0 = Release|x64
		{97AF3489-2990-419D-8B3E-E6D24665D0D4}.Release|x86.ActiveCfg = Release|Win32
		{97AF3489-2990-419D-8B3E-E6D24665D0D4}.Release|x86.Build.0 = Release|Win32
		{2F2B1A06-B977-4198-B831-C8ED3E2C90C1}.Debug|x64.ActiveCfg = Debug|x64
		{2F2B1A06-B977-4198-B831-C8ED3E2C90C1}.Debug|x64.Build.0 = Debug|x64
		{2F2B1A06-B977-4198-B831-C8ED3E2C90C1}.Debug|x86.ActiveCfg = Debug|Win32
		{2F2B1A06-B977-4198-B831-C8ED3E2C90C1}.Debug|x86.Build.0 = Debug|Win32
		{2F2B1A06-B977-4198-B831-C8ED3E2C90C1}.Release|x64.ActiveCfg = Release|x64
		{2F2B1A06-B977-4198-B831-C8ED3E2C90C1}.Release|x64.Build.0 = Release|x64
		{2F2B1A06-B977-4198-B831-C8ED3E2C90C1}.Release|x86.ActiveCfg = Release|Win32
		{2F2B1A06-B977-4198-B831-C8ED3E2C90C1}.Release|x86.Build.0 = Release|Win32
		{CC5CFF5C-6DF3-4AE2-9246-EBD51BFC2E46}.Debug|x64.ActiveCfg = Debug|x64
		{CC5CFF5C-6DF3-4AE2-9246-EBD51BFC2E46}.Debug|x64.Build.0 = Debug|x64
		{CC5CFF5C-6DF3-4AE2-9246-EBD51BFC2E46}.Debug|x86.ActiveCfg = Debug|Win32
		{CC5CFF5C-6DF3-4AE2-9246-EBD51BFC2E46}.Debug|x86.Build.0 = Debug|Win32
		{CC5CFF5C-6DF3-4AE2-9246-EBD51BFC2E46}.Release|x64.ActiveCfg = Release|x64
		{CC5CFF5C-6DF3-4AE2-9246-EBD51BFC2E46}.Release|x64.Build.0 = Release|x64
		{CC5CFF5C-6DF3-4AE2-9246-EBD51BFC2E46}.Release|x86.ActiveCfg = Release|Win32
		{CC5CFF5C-6DF3-4AE2-9246-EBD51BFC2E46}.Release|x86.Build.0 = Release|Win32
		{4B9AD643-36D9-4E89-BC96-A8AB44DA09F2}.Debug|x64.ActiveCfg = Debug|x64
		{4B9AD643-36D9-4E89-BC96-A8AB44DA09F2}.Debug|x64.Build.0 = Debug|x64
		{4B9AD643-36D9-4E89-BC96-A8AB44DA09F2}.Debug|x86.ActiveCfg = Debug|Win32
		{4B9AD643-36D9-4E89-BC96-A8AB44DA09F2}.Debug|x86.Build.0 = Debug|Win32
		{4B9AD643-36D9-4E89-BC96-A8AB44DA09F2}.Release|x64.ActiveCfg = Release|x64
		{4B9AD643-36D9-4E89-BC96-A8AB44DA09F2}.Release|x64.Build.0 = Release|x64
		{4B9AD643-36D9-4E89-BC96-A8AB44DA09F2}.Release|x86.ActiveCfg = Release|Win32
		{4B9AD643-36D9-4E89-BC96-A8AB44DA09F2}.Release|x86.Build.0 = Release|Win32
		{87237E10-310C-410D-8729-5E6BF43FAD38}.Debug|x64.ActiveCfg = Debug|x64
		{87237E10-310C-410D-8729-5E6BF43FAD38}.Debug|x64.Build.0 = Debug|x64
		{87237E10-310C-410D-8729-5E6BF43FAD38}.Debug|x86.ActiveCfg = Debug|Win32
		{87237E10-310C-410D-8729-5E6BF43FAD38}.Debug|x86.Build.0 = Debug|Win32
		{87237E10-310C-410D-8729-5E6BF43FAD38}.Release|x64.ActiveCfg = Release|x64
		{87237E10-310C-410D-8729-5E6BF43FAD38}.Release|x64.Build.0 = Release|x64
		{87237E10-310C-410D-8729-5E6BF43FAD38}.Release|x86.ActiveCfg = Release|Win32
		{87237E10-310C-410D-8729-5E6BF43FAD38}.Release|x86.Build.0 = Release|Win32
		{6D1C721D-F208-446A-918D-9C78EB23BD57}.Debug|x64.ActiveCfg = Debug|x64
		{6D1C721D-F208-446A-918D-9C78EB23BD57}.Debug|x64.Build.0 = Debug|x64
		{6D1C721D-F208-446A-918D-9C78EB23BD57}.Debug|x86.ActiveCfg = Debug|Win32
		{6D1C721D-F208-446A-918D-9C78EB23BD57}.Debug|x86.Build.0 = Debug|Win32
		{6D1C721D-F208-446A-918D-9C78EB23BD57}.Release|x64.ActiveCfg = Release|x64
		{6D1C721D-F208-446A-918D-9C78EB23BD57}.Release|x64.Build.0 = Release|x64
		{6D1C721D-F208-446A-918D-9C78EB23BD57}.Release|x86.ActiveCfg = Release|Win32
		{6D1C721D-F208-446A-918D-9C78EB23BD57}.Release|x86.Build.0 = Release|Win32
		{AD8B859C-221E-463A-8803-20EF24356046}.Debug|x64.ActiveCfg = Debug|x64
		{AD8B859C-221E-463A-8803-20EF24356046}.Debug|x64.Build.0 = Debug|x64
		{AD8B859C-221E-463A-8803-20EF24356046}.Debug|x86.ActiveCfg = Debug|Win32
		{AD8B859C-221E-463A-8803-20EF24356046}.Debug|x86.Build.0 = Debug|Win32
		{AD8B859C-221E-463A-8803-20EF24356046}.Release|x64.ActiveCfg = Release|x64
		{AD8B859C-221E-463A-8803-20EF24356046}.Release|x64.Build.0 = Release|x64
		{AD8B859C-221E-463A-8803-20EF24356046}.Release|x86.ActiveCfg = Release|Win32
		{AD8B859C-221E-463A-8803-20EF24356046}.Release|x86.Build.0 = Release|Win32
		{7B2258BA-8995-40DA-885D-1DED7394B0BD}.Debug|x64.ActiveCfg = Debug|x64
		{7B2258BA-8995-40DA-885D-1DED7394B0BD}.Debug|x64.Build.0 = Debug|x64
		{7B2258BA-8995-40DA-885D-1DED7394B0BD}.Debug|x86.ActiveCfg = Debug|Win32
		{7B2258BA-8995-40DA-885D-1DED7394B0BD}.Debug|x86.Build.0 = Debug|Win32
		{7B2258BA-8995-40DA-885D-1DED7394B0BD}.Release|x64.ActiveCfg = Release|x64
		{7B2258BA-8995-40DA-885D-1DED7394B0BD}.Release|x64.Build.0 = Release|x64
		{7B2258BA-8995-40DA-885D-1DED7394B0BD}.Release|x86.ActiveCfg = Release|Win32
		{7B2258BA-8995-40DA-885D-1DED7394B0BD}.Release|x86.Build.0 = Release|Win32
		{B2D03F57-A2AF-4A64-9800-2BE2F158104E}.Debug|x64.ActiveCfg = Debug|x64
		{B2D03F57-A2AF-4A64-9800-2BE2F158104E}.Debug|x64.Build.0 = Debug|x64
		{B2D03F57-A2AF-4A64-9800-2BE2F158104E}.Debug|x86.ActiveCfg = Debug|Win32
		{B2D03F57-A2AF-4A64-9800-2BE2F158104E}.Debug|x86.Build.0 = Debug|Win32
		{B2D03F57-A2AF-4A64-9800-2BE2F158104E}.Release|x64.ActiveCfg = Release|x64
		{B2D03F57-A2AF-4A64-9800-2BE2F158104E}.Release|x64.Build.0 = Release|x64
		{B2D03F57-A2AF-4A64-9800-2BE2F158104E}.Release|x86.ActiveCfg = Release|Win32
		{B2D03F57-A2AF-4A64-9800-2BE2F158104E}.Release|x86.Build.0 = Release|Win32
		{07521FCC-8D97-4BBA-8AFD-64E0F4B22572}.Debug|x64.ActiveCfg = Debug|x64
		{07521FCC-8D97-4BBA-8AFD-64E0F4B22572}.Debug|x64.Build.0 = Debug|x64
		{07521FCC-8D97-4BBA-8AFD-64E0F4B22572}.Debug|x86.ActiveCfg = Debug|Win32
		{07521FCC-8D97-4BBA-8AFD-64E0F4B22572}.Debug|x86.Build.0 = Debug|Win32
		{07521FCC-8D97-4BBA-8AFD-64E0F4B22572}.Release|x64.ActiveCfg = Release|x64
		{07521FCC-8D97-4BBA-8AFD-64E0F4B22572}.Release|x64.Build.0 = Release|x64
		{07521FCC-8D97-4BBA-8AFD-64E0F4B22572}.Release|x86.ActiveCfg = Release|Win32
		{07521FCC-8D97-4BBA-8AFD-64E0F4B22572}.Release|x86.Build.0 = Release|Win32
		{05B128BC-E53F-4D80-BE4E-BFA4926A9618}.Debug|x64.ActiveCfg = Debug|x64
		{05B128BC-E53F-4D80-BE4E-BFA4926A9618}.Debug|x64.Build.0 = Debug|x64
		{05B128BC-E53F-4D80-BE4E-BFA4926A9618}.Debug|x86.ActiveCfg = Debug|Win32
		{05B128BC-E53F-4D80-BE4E-BFA4926A9618}.Debug|x86.Build.0 = Debug|Win32
		{05B128BC-E53F-4D80-BE4E-BFA4926A9618}.Release|x64.ActiveCfg = Release|x64
		{05B128BC-E53F-4D80-BE4E-BFA4926A9618}.Release|x64.Build.0 = Release|x64
		{05B128BC-E53F-4D80-BE4E-BFA4926A9618}.Release|x86.ActiveCfg = Release|Win32
		{05B128BC-E53F-4D80-BE4E-BFA4926A9618}.Release|x86.Build.0 = Release|Win32
		{07DD016E-8CA5-4981-9B70-84A80E071E8A}.Debug|x64.ActiveCfg = Debug|x64
		{07DD016E-8CA5-4981-9B70-84A80E071E8A}.Debug|x64.Build.0 = Debug|x64
		{07DD016E-8CA5-4981-9B70-84A80E071E8A}.Debug|x86.ActiveCfg = Debug|Win32
		{07DD016E-8CA5-4981-9B70-84A80E071E8A}.Debug|x86.Build.0 = Debug|Win32
		{07DD016E-8CA5-4981-9B70-84A80E071E8A}.Release|x64.ActiveCfg = Release|x64
		{07DD016E-8CA5-4981-9B70-84A80E071E8A}.Release|x64.Build.0 = Release|x64
		{07DD016E-8CA5-4981-9B70-84A80E071E8A}.Release|x86.ActiveCfg = Release|Win32
		{07DD016E-8CA5-4981-9B70-84A80E071E8A}.Release|x86.Build.0 = Release|Win32
		{BB40443F-9697-447D-919B-D73C60BD28B9}.Debug|x64.ActiveCfg = Debug|x64
		{BB40443F-9697-447D-919B-D73C60BD28B9}.Debug|x64.Build.0 = Debug|x64
		{BB40443F-9697-447D-919B-D73C60BD28B9}.Debug|x86.ActiveCfg = Debug|Win32
		{BB40443F-9697-447D-919B-D73C60BD28B9}.Debug|x86.Build.0 = Debug|Win32
		{BB40443F-9697-447D-919B-D73C60BD28B9}.Release|x64.ActiveCfg = Release|x64
		{BB40443F-9697-447D-919B-D73C60BD28B9}.Release|x64.Build.0 = Release|x64
		{BB40443F-9697-447D-919B-D73C60BD28B9}.Release|x86.ActiveCfg = Release|Win32
		{BB40443F-9697-447D-919B-D73C60BD28B9}.Release|x86.Build.0 = Release|Win32
		{7E7C64FA-5DFC-4441-BB0A-8A85A5D0517C}.Debug|x64.ActiveCfg = Debug|x64
		{7E7C64FA-5DFC-4441-BB0A-8A85A5D0517C}.Debug|x64.Build.0 = Debug|x64
		{7E7C64FA-5DFC-4441-BB0A-8A85A5D0517C}.Debug|x86.ActiveCfg = Debug|Win32
		{7E7C64FA-5DFC-4441-BB0A-8A85A5D0517C}.Debug|x86.Build.0 = Debug|Win32
		{7E7C64FA-5DFC-4441-BB0A-8A85A5D0517C}.Release|x64.ActiveCfg = Release|x64
		{7E7C64FA-5DFC-4441-BB0A-8A85A5D0517C}.Release|x64.Build.0 = Release|x64
		{7E7C64FA-5DFC-4441-BB0A-8A85A5D0517C}.Release|x86.ActiveCfg = Release|Win32
		{7E7C64FA-5DFC-4441-BB0A-8A85A5D0517C}.Release|x86.Build.0 = Release|Win32
		{CF8FCBBA-0C5B-4DA9-8FE4-6C66193F1235}.Debug|x64.ActiveCfg = Debug|x64
		{CF8FCBBA-0C5B-4DA9-8FE4-6C66193F1235}.Debug|x64.Build.0 = Debug|x64
		{CF8FCBBA-0C5B-4DA9-8FE4-6C66193F1235}.Debug|x86.ActiveCfg = Debug|Win32
		{CF8FCBBA-0C5B-4DA9-8FE4-6C66193F1235}.Debug|x86.Build.0 = Debug|Win32
		{CF8FCBBA-0C5B-4DA9-8FE4-6C66193F1235}.Release|x64.ActiveCfg = Release|x64
		{CF8FCBBA-0C5B-4DA9-8FE4-6C66193F1235}.Release|x64.Build.0 = Release|x64
		{CF8FCBBA-0C5B-4DA9-8FE4-6C66193F1235}.Release|x86.ActiveCfg = Release|Win32
		{CF8FCBBA-0C5B-4DA9-8FE4-6C66193F1235}.Release|x86.Build.0 = Release|Win32
		{86498C91-4834-43FA-86DF-9070F0F75DC6}.Debug|x64.ActiveCfg = Debug|x64
		{86498C91-4834-43FA-86DF-9070F0F75DC6}.Debug|x64.Build.0 = Debug|x64
		{86498C91-4834-43FA-86DF-9070F0F75DC6}.Debug|x86.ActiveCfg = Debug|Win32
		{86498C91-4834-43FA-86DF-9070F0F75DC6}.Debug|x86.Build.0 = Debug|Win32
		{86498C91-4834-43FA-86DF-9070F0F75DC6}.Release|x64.ActiveCfg = Release|x64
		{86498C91-4834-43FA-86DF-9070F0F75DC6}.Release|x64.Build.0 = Release|x64
		{86498C91-4834-43FA-86DF-9070F0F75DC6}.Release|x86.ActiveCfg = Release|Win32
		{86498C91-4834-43FA-86DF-9070F0F75DC6}.Release|x86.Build.0 = Release|Win32
		{78F75DD2-39D9-4B86-A471-14E93520DFB5}.Debug|x64.ActiveCfg = Debug|x64
		{78F75DD2-39D9-4B86-A471-14E93520DFB5}.Debug|x64.Build.0 = Debug|x64
		{78F75DD2-39D9-4B86-A471-14E93520DFB5}.Debug|x86.ActiveCfg = Debug|Win32
		{78F75DD2-39D9-4B86-A471-14E93520DFB5}.Debug|x86.Build.0 = Debug|Win32
		{78F75DD2-39D9-4B86-A471-14E93520DFB5}.Release|x64.ActiveCfg = Release|x64
		{78F75DD2-39D9-4B86-A471-14E93520DFB5}.Release|x64.Build.0 = Release|x64
		{78F75DD2-39D9-4B86-A471-14E93520DFB5}.Release|x86.ActiveCfg = Release|Win32
		{78F75DD2-39D9-4B86-A471-14E93520DFB5}.Release|x86.Build.0 = Release|Win32
		{D5A62920-B393-4B95-8AE6-0BE75C5B5260}.Debug|x64.ActiveCfg = Debug|x64
		{D5A62920-B393-4B95-8AE6-0BE75C5B5260}.Debug|x64.Build.0 = Debug|x64
		{D5A62920-B393-4B95-8AE6-0BE75C5B5260}.Debug|x86.ActiveCfg = Debug|Win32
		{D5A62920-B393-4B95-8AE6-0BE75C5B5260}.Debug|x86.Build.0 = Debug|Win32
		{D5A62920-B393-4B95-8AE6-0BE75C5B5260}.Release|x64.ActiveCfg = Release|x64
		{D5A62920-B393-4B95-8AE6-0BE75C5B5260}.Release|x64.Build.0 = Release|x64
		{D5A62920-B393-4B95-8AE6-0BE75C5B5260}.Release|x86.ActiveCfg = Release|Win32
		{D5A62920-B393-4B95-8AE6-0BE75C5B5260}.Release|x86.Build.0 = Release|Win32
		{7AF1ACED-2105-48F7-A56A-EDE3894CA720}.Debug|x64.ActiveCfg = Debug|x64
		{7AF1ACED-2105-48F7-A56A-EDE3894CA720}.Debug|x64.Build.0 = Debug|x64
		{7AF1ACED-2105-48F7-A56A-EDE3894CA720}.Debug|x86.ActiveCfg = Debug|Win32
		{7AF1ACED-2105-48F7-A56A-EDE3894CA720}.Debug|x86.Build.0 = Debug|Win32
		{7AF1ACED-2105-48F7-A56A-EDE3894CA720}.Release|x64.ActiveCfg = Release|x64
		{7AF1ACED-2105-48F7-A56A-EDE3894CA720}.Release|x64.Build.0 = Release|x64
		{7AF1ACED-2105-48F7-A56A-EDE3894CA720}.Release|x86.ActiveCfg = Release|Win32
		{7AF1ACED-2105-48F7-A56A-EDE3894CA720}.Release|x86.Build.0 = Release|Win32
		{09CC1698-DF71-4765-BC41-20747AED1E77}.Debug|x64.ActiveCfg = Debug|x64
		{09CC1698-DF71-4765-BC41-20747AED1E77}.Debug|x64.Build.0 = Debug|x64
		{09CC1698-DF71-4765-BC41-20747AED1E77}.Debug|x86.ActiveCfg = Debug|Win32
		{09CC1698-DF71-4765-BC41-20747AED1E77}.Debug|x86.Build.0 = Debug|Win32
		{09CC1698-DF71-4765-BC41-20747AED1E77}.Release|x64.ActiveCfg = Release|x64
		{09CC1698-DF71-4765-BC41-20747AED1E77}.Release|x64.Build.0 = Release|x64
		{09CC1698-DF71-4765-BC41-20747AED1E77}.Release|x86.ActiveCfg = Release|Win32
		{09CC1698-DF71-4765-BC41-20747AED1E77}.Release|x86.Build.0 = Release|Win32
		{A03F2550-0767-4C93-A6D1-530B8922395A}.Debug|x64.ActiveCfg = Debug|x64
		{A03F2550-0767-4C93-A6D1-530B8922395A}.Debug|x64.Build.0 = Debug|x64
		{A03F2550-0767-4C93-A6D1-530B8922395A}.Debug|x86.ActiveCfg = Debug|Win32
		{A03F2550-0767-4C93-A6D1-530B8922395A}.Debug|x86.Build.0 = Debug|Win32
		{A03F2550-0767-4C93-A6D1-530B8922395A}.Release|x64.ActiveCfg = Release|x64
		{A03F2550-0767-4C93-A6D1-530B8922395A}.Release|x64.Build.0 = Release|x64
		{A03F2550-0767-4C93-A6D1-530B8922395A}.Release|x86.ActiveCfg = Release|Win32
		{A03F2550-0767-4C93-A6D1-530B8922395A}.Release|x86.Build.0 = Release|Win32
		{10273C45-00CD-4B1B-BF63-D75A17C95948}.Debug|x64.ActiveCfg = Debug|x64
		{10273C45-00CD-4B1B-BF63-D75A17C95948}.Debug|x64.Build.0 = Debug|x64
		{10273C45-00CD-4B1B-BF63-D75A17C95948}.Debug|x86.ActiveCfg = Debug|Win32
		{10273C45-00CD-4B1B-BF63-D75A17C95948}.Debug|x86.Build.0 = Debug|Win32
		{10273C45-00CD-4B1B-BF63-D75A17C95948}.Release|x64.ActiveCfg = Release|x64
		{10273C45-00CD-4B1B-BF63-D75A17C95948}.Release|x64.Build.0 = Release|x64
		{10273C45-00CD-4B1B-BF63-D75A17C95948}.Release|x86.ActiveCfg = Release|Win32
		{10273C45-00CD-4B1B-BF63-D75A17C95948}.Release|x86.Build.0 = Release|Win32
		{CB373CB0-2BA8-40F9-B54D-56D3CB63D5F0}.Debug|x64.ActiveCfg = Debug|x64
		{CB373CB0-2BA8-40F9-B54D-56D3CB63D5F0}.Debug|x64.Build.0 = Debug|x64
		{CB373CB0-2BA8-40F9-B54D-56D3CB63D5F0}.Debug|x86.ActiveCfg = Debug|Win32
		{CB373CB0-2BA8-40F9-B54D-56D3CB63D5F0}.Debug|x86.Build.0 = Debug|Win32
		{CB373CB0-2BA8-40F9-B54D-56D3CB63D5F0}.Release|x64.ActiveCfg = Release|x64
		{CB373CB0-2BA8-40F9-B54D-56D3CB63D5F0}.Release|x64.Build.0 = Release|x64
		{CB373CB0-2BA8-40F9-B54D-56D3CB63D5F0}.Release|x86.ActiveCfg = Release|Win32
		{CB373CB0-2BA8-40F9-B54D-56D3CB63D5F0}.Release|x86.Build.0 = Release|Win32
		{96DB4D1A-CD36-405F-9E33-156A314007DA}.Debug|x64.ActiveCfg = Debug|x64
		{96DB4D1A-CD36-405F-9E33-156A314007DA}.Debug|x64.Build.0 = Debug|x64
		{96DB4D1A-CD36-405F-9E33-156A314007DA}.Debug|x86.ActiveCfg = Debug|Win32
		{96DB4D1A-CD36-405F-9E33-156A314007DA}.Debug|x86.Build.0 = Debug|Win32
		{96DB4D1A-CD36-405F-9E33-156A314007DA}.Release|x64.ActiveCfg = Release|x64
		{96DB4D1A-CD36-405F-9E33-156A314007DA}.Release|x64.Build.0 = Release|x64
		{96DB4D1A-CD36-405F-9E33-156A314007DA}.Release|x86.ActiveCfg = Release|Win32
		{96DB4D1A-CD36-405F-9E33-156A314007DA}.Release|x86.Build.0 = Release|Win32
		{B872E80D-8924-4CD3-BD5C-7ABD44127804}.Debug|x64.ActiveCfg = Debug|x64
		{B872E80D-8924-4CD3-BD5C-7ABD44127804}.Debug|x64.Build.0 = Debug|x64
		{B872E80D-8924-4CD3-BD5C-7ABD44127804}.Debug|x86.ActiveCfg = Debug|Win32
		{B872E80D-8924-4CD3-BD5C-7ABD44127804}.Debug|x86.Build.0 = Debug|Win32
		{B872E80D-8924-4CD3-BD5C-7ABD44127804}.Release|x64.ActiveCfg = Release|x64
		{B872E80D-8924-4CD3-BD5C-7ABD44127804}.Release|x64.Build.0 = Release|x64
		{B872E80D-8924-4CD3-BD5C-7ABD44127804}.Release|x86.ActiveCfg = Release|Win32
		{B872E80D-8924-4CD3-BD5C-7ABD44127804}.Release|x86.Build.0 = Release|Win32
	EndGlobalSection
	GlobalSection(SolutionProperties) = preSolution
		HideSolutionNode = FALSE
	EndGlobalSection
	GlobalSection(NestedProjects) = preSolution
		{89338EEF-D6AE-466D-940A-52CF92EE8ED7} = {4CB40242-0746-433F-B31F-792FD0A57576}
		{E00AC129-B979-4CC7-A2B4-689D57E2DC8E} = {4CB40242-0746-433F-B31F-792FD0A57576}
		{BD8B91A3-4253-48A1-9AF3-FA961F52753F} = {4CB40242-0746-433F-B31F-792FD0A57576}
		{210F9028-FE9D-4A15-A7B9-D5BA466AC5CB} = {4CB40242-0746-433F-B31F-792FD0A57576}
		{58F04DF0-3548-4EF9-B13A-6686FC1EA0FC} = {4CB40242-0746-433F-B31F-792FD0A57576}
		{28F215B7-EC57-47B7-AB1F-1AD5FB0246D2} = {4CB40242-0746-433F-B31F-792FD0A57576}
		{AF2C9F94-3FE3-41D5-8724-46084EDADE52} = {4CB40242-0746-433F-B31F-792FD0A57576}
		{97AF3489-2990-419D-8B3E-E6D24665D0D4} = {4CB40242-0746-433F-B31F-792FD0A57576}
		{2F2B1A06-B977-4198-B831-C8ED3E2C90C1} = {4CB40242-0746-433F-B31F-792FD0A57576}
		{CC5CFF5C-6DF3-4AE2-9246-EBD51BFC2E46} = {4CB40242-0746-433F-B31F-792FD0A57576}
		{4B9AD643-36D9-4E89-BC96-A8AB44DA09F2} = {4CB40242-0746-433F-B31F-792FD0A57576}
		{87237E10-310C-410D-8729-5E6BF43FAD38} = {4CB40242-0746-433F-B31F-792FD0A57576}
		{6D1C721D-F208-446A-918D-9C78EB23BD57} = {5AD7B237-FBD5-415C-A81B-DC1765020725}
		{AD8B859C-221E-463A-8803-20EF24356046} = {5AD7B237-FBD5-415C-A81B-DC1765020725}
		{7B2258BA-8995-40DA-885D-1DED7394B0BD} = {5AD7B237-FBD5-415C-A81B-DC1765020725}
		{B2D03F57-A2AF-4A64-9800-2BE2F158104E} = {5AD7B237-FBD5-415C-A81B-DC1765020725}
		{07521FCC-8D97-4BBA-8AFD-64E0F4B22572} = {5AD7B237-FBD5-415C-A81B-DC1765020725}
		{05B128BC-E53F-4D80-BE4E-BFA4926A9618} = {5AD7B237-FBD5-415C-A81B-DC1765020725}
		{07DD016E-8CA5-4981-9B70-84A80E071E8A} = {5AD7B237-FBD5-415C-A81B-DC1765020725}
		{BB40443F-9697-447D-919B-D73C60BD28B9} = {5AD7B237-FBD5-415C-A81B-DC1765020725}
		{7E7C64FA-5DFC-4441-BB0A-8A85A5D0517C} = {5AD7B237-FBD5-415C-A81B-DC1765020725}
		{CF8FCBBA-0C5B-4DA9-8FE4-6C66193F1235} = {5AD7B237-FBD5-415C-A81B-DC1765020725}
		{86498C91-4834-43FA-86DF-9070F0F75DC6} = {5AD7B237-FBD5-415C-A81B-DC1765020725}
		{78F75DD2-39D9-4B86-A471-14E93520DFB5} = {97F8EB3C-595F-49EA-9716-43779B35E5AA}
		{D5A62920-B393-4B95-8AE6-0BE75C5B5260} = {4CB40242-0746-433F-B31F-792FD0A57576}
		{7AF1ACED-2105-48F7-A56A-EDE3894CA720} = {6DAD5EE6-0497-445F-81BE-F7331B151551}
		{09CC1698-DF71-4765-BC41-20747AED1E77} = {6DAD5EE6-0497-445F-81BE-F7331B151551}
		{A03F2550-0767-4C93-A6D1-530B8922395A} = {5AD7B237-FBD5-415C-A81B-DC1765020725}
		{10273C45-00CD-4B1B-BF63-D75A17C95948} = {6D96DDE2-244C-44A2-A499-54D217574D45}
		{CB373CB0-2BA8-40F9-B54D-56D3CB63D5F0} = {6D96DDE2-244C-44A2-A499-54D217574D45}
		{96DB4D1A-CD36-405F-9E33-156A314007DA} = {4CB40242-0746-433F-B31F-792FD0A57576}
		{B872E80D-8924-4CD3-BD5C-7ABD44127804} = {4CB40242-0746-433F-B31F-792FD0A57576}
	EndGlobalSection
EndGlobal
