<?xml version="1.0" encoding="utf-8"?>
<Project ToolsVersion="4.0" xmlns="http://schemas.microsoft.com/developer/msbuild/2003">
  <ItemGroup>
    <Filter Include="源文件">
      <UniqueIdentifier>{4FC737F1-C7A5-4376-A066-2A32D752A2FF}</UniqueIdentifier>
      <Extensions>cpp;c;cc;cxx;def;odl;idl;hpj;bat;asm;asmx</Extensions>
    </Filter>
    <Filter Include="头文件">
      <UniqueIdentifier>{93995380-89BD-4b04-88EB-625FBE52EBFB}</UniqueIdentifier>
      <Extensions>h;hh;hpp;hxx;hm;inl;inc;xsd</Extensions>
    </Filter>
    <Filter Include="资源文件">
      <UniqueIdentifier>{67DA6AB6-F800-4c08-8B7A-83BB121AAD01}</UniqueIdentifier>
      <Extensions>rc;ico;cur;bmp;dlg;rc2;rct;bin;rgs;gif;jpg;jpeg;jpe;resx;tiff;tif;png;wav;mfcribbon-ms</Extensions>
    </Filter>
    <Filter Include="IMG">
      <UniqueIdentifier>{a08a2c4c-ee79-4561-b56b-bcd3dfadd4ba}</UniqueIdentifier>
    </Filter>
  </ItemGroup>
  <ItemGroup>
    <ClCompile Include="d2-7-字符串做函数参数强化.c">
      <Filter>源文件</Filter>
    </ClCompile>
    <ClCompile Include="d2-8-项目开发字符串模型.c">
      <Filter>源文件</Filter>
    </ClCompile>
    <ClCompile Include="d2-6-数组与字符串.c">
      <Filter>源文件</Filter>
    </ClCompile>
    <ClCompile Include="d1-2-排序.c">
      <Filter>源文件</Filter>
    </ClCompile>
    <ClCompile Include="d1-3-数据类型.c">
      <Filter>源文件</Filter>
    </ClCompile>
    <ClCompile Include="d1-4-变量本质.c">
      <Filter>源文件</Filter>
    </ClCompile>
    <ClCompile Include="d1-5-堆栈区的理解.c">
      <Filter>源文件</Filter>
    </ClCompile>
    <ClCompile Include="d1-6-静态存储区理解.c">
      <Filter>源文件</Filter>
    </ClCompile>
    <ClCompile Include="d1-7-堆栈区的属性.c">
      <Filter>源文件</Filter>
    </ClCompile>
    <ClCompile Include="d1-7-指针铁律1.c">
      <Filter>源文件</Filter>
    </ClCompile>
    <ClCompile Include="d1-7-指针铁律2-间接赋值技术推演.c">
      <Filter>源文件</Filter>
    </ClCompile>
    <ClCompile Include="d3-4-指针的输入输入输出.c">
      <Filter>源文件</Filter>
    </ClCompile>
    <ClCompile Include="d3-1-const.c">
      <Filter>源文件</Filter>
    </ClCompile>
    <ClCompile Include="d3-5-二级指针做输入_第一种内存模型.c">
      <Filter>源文件</Filter>
    </ClCompile>
    <ClCompile Include="d3-6-二级指针做输入_第2种内存模型.c">
      <Filter>源文件</Filter>
    </ClCompile>
    <ClCompile Include="d3-7-二级指针做输入_第3种内存模型.c">
      <Filter>源文件</Filter>
    </ClCompile>
  </ItemGroup>
  <ItemGroup>
    <ClInclude Include="resource.h">
      <Filter>头文件</Filter>
    </ClInclude>
  </ItemGroup>
  <ItemGroup>
    <ResourceCompile Include="question.rc">
      <Filter>资源文件</Filter>
    </ResourceCompile>
  </ItemGroup>
  <ItemGroup>
    <Image Include="D:\c++\2014传智播客C++就业班\【IT教程网】20140417\417作业\417作业\内存四区.png">
      <Filter>IMG</Filter>
    </Image>
    <Image Include="C:\Users\Administrator\Desktop\选择排序.png">
      <Filter>IMG</Filter>
    </Image>
    <Image Include="C:\Users\Administrator\Desktop\c\栈的属性和buf地址增长.JPG">
      <Filter>IMG</Filter>
    </Image>
    <Image Include="C:\Users\Administrator\Desktop\c\14_内存四区基本原理_全局区.JPG">
      <Filter>IMG</Filter>
    </Image>
    <Image Include="C:\Users\Administrator\Desktop\c\14_内存四区基本原理_全局区1.JPG">
      <Filter>IMG</Filter>
    </Image>
    <Image Include="C:\Users\Administrator\Desktop\c\14_内存四区基本原理_全局区2.JPG">
      <Filter>IMG</Filter>
    </Image>
    <Image Include="C:\Users\Administrator\Desktop\c\14_内存四区基本原理_全局区3.JPG">
      <Filter>IMG</Filter>
    </Image>
    <Image Include="C:\Users\Administrator\Desktop\c\19_函数调用模型_主调函数和1.JPG">
      <Filter>IMG</Filter>
    </Image>
    <Image Include="C:\Users\Administrator\Desktop\c\19_函数调用模型_主调函数和2.JPG">
      <Filter>IMG</Filter>
    </Image>
    <Image Include="C:\Users\Administrator\Desktop\c\19_函数调用模型_主调函数和4.JPG">
      <Filter>IMG</Filter>
    </Image>
    <Image Include="C:\Users\Administrator\Desktop\c\函数调用模型_主调函数和3.JPG">
      <Filter>IMG</Filter>
    </Image>
    <Image Include="C:\Users\Administrator\Desktop\d3-5二级指针做输入_第1种内.BMP">
      <Filter>IMG</Filter>
    </Image>
  </ItemGroup>
  <ItemGroup>
    <Text Include="C:\Users\Administrator\Desktop\main.txt">
      <Filter>源文件</Filter>
    </Text>
  </ItemGroup>
</Project>