<?xml version="1.0" encoding="utf-8"?>
<Project ToolsVersion="4.0" xmlns="http://schemas.microsoft.com/developer/msbuild/2003">
  <ItemGroup>
    <Filter Include="源文件">
      <UniqueIdentifier>{4FC737F1-C7A5-4376-A066-2A32D752A2FF}</UniqueIdentifier>
      <Extensions>cpp;c;cc;cxx;def;odl;idl;hpj;bat;asm;asmx</Extensions>
    </Filter>
    <Filter Include="头文件">
      <UniqueIdentifier>{93995380-89BD-4b04-88EB-625FBE52EBFB}</UniqueIdentifier>
      <Extensions>h;hh;hpp;hxx;hm;inl;inc;xsd</Extensions>
    </Filter>
    <Filter Include="资源文件">
      <UniqueIdentifier>{67DA6AB6-F800-4c08-8B7A-83BB121AAD01}</UniqueIdentifier>
      <Extensions>rc;ico;cur;bmp;dlg;rc2;rct;bin;rgs;gif;jpg;jpeg;jpe;resx;tiff;tif;png;wav;mfcribbon-ms</Extensions>
    </Filter>
  </ItemGroup>
  <ItemGroup>
    <ClCompile Include="d2-7-字符串做函数参数强化.c">
      <Filter>源文件</Filter>
    </ClCompile>
    <ClCompile Include="d2-8-项目开发字符串模型.c">
      <Filter>源文件</Filter>
    </ClCompile>
    <ClCompile Include="d2-6-数组与字符串.c">
      <Filter>源文件</Filter>
    </ClCompile>
    <ClCompile Include="d1-2-排序.c">
      <Filter>源文件</Filter>
    </ClCompile>
    <ClCompile Include="d1-3-数据类型.c">
      <Filter>源文件</Filter>
    </ClCompile>
    <ClCompile Include="d1-4-变量本质.c">
      <Filter>源文件</Filter>
    </ClCompile>
    <ClCompile Include="d1-5-堆栈区的理解.c">
      <Filter>源文件</Filter>
    </ClCompile>
    <ClCompile Include="d1-6-静态存储区理解.c">
      <Filter>源文件</Filter>
    </ClCompile>
    <ClCompile Include="d1-7-堆栈区的属性.c">
      <Filter>源文件</Filter>
    </ClCompile>
    <ClCompile Include="d1-7-指针铁律1.c">
      <Filter>源文件</Filter>
    </ClCompile>
    <ClCompile Include="d1-7-指针铁律2-间接赋值技术推演.c">
      <Filter>源文件</Filter>
    </ClCompile>
    <ClCompile Include="d3-4-指针的输入输入输出.c">
      <Filter>源文件</Filter>
    </ClCompile>
    <ClCompile Include="d3-1-const.c">
      <Filter>源文件</Filter>
    </ClCompile>
    <ClCompile Include="d3-5-二级指针做输入_第一种内存模型.c">
      <Filter>源文件</Filter>
    </ClCompile>
    <ClCompile Include="d3-6-二级指针做输入_第2种内存模型.c">
      <Filter>源文件</Filter>
    </ClCompile>
    <ClCompile Include="d3-7-二级指针做输入_第3种内存模型.c">
      <Filter>源文件</Filter>
    </ClCompile>
    <ClCompile Include="d3-9-玩转多级指针.c">
      <Filter>源文件</Filter>
    </ClCompile>
    <ClCompile Include="bbbb.c">
      <Filter>源文件</Filter>
    </ClCompile>
    <ClCompile Include="d4-1-数组基础概念.c">
      <Filter>源文件</Filter>
    </ClCompile>
    <ClCompile Include="d4-2-多维数组的本质.c">
      <Filter>源文件</Filter>
    </ClCompile>
    <ClCompile Include="d4-3-多维数组内存存储是线性的.c">
      <Filter>源文件</Filter>
    </ClCompile>
    <ClCompile Include="d4-4-数组的应用场景.c">
      <Filter>源文件</Filter>
    </ClCompile>
    <ClCompile Include="d4-5-结构体基本操作.c">
      <Filter>源文件</Filter>
    </ClCompile>
    <ClCompile Include="d4-6-结构体做函数参数.c">
      <Filter>源文件</Filter>
    </ClCompile>
    <ClCompile Include="d4-7-结构体做函数参数进阶.c">
      <Filter>源文件</Filter>
    </ClCompile>
    <ClCompile Include="d4-7-结构体做函数参数进阶2-套二级指针.c">
      <Filter>源文件</Filter>
    </ClCompile>
  </ItemGroup>
  <ItemGroup>
    <ClInclude Include="resource.h">
      <Filter>头文件</Filter>
    </ClInclude>
  </ItemGroup>
  <ItemGroup>
    <ResourceCompile Include="question.rc">
      <Filter>资源文件</Filter>
    </ResourceCompile>
  </ItemGroup>
</Project>